Microsoft Visual Studio Solution File, Format Version 12.00
# Visual Studio Version 17
VisualStudioVersion = 17.0.31912.275
MinimumVisualStudioVersion = 10.0.40219.1
Project("{9A19103F-16F7-4668-BE54-9A1E7A4F7556}") = "AoCUtil", "AoCUtil\AoCUtil.csproj", "{6D84D8B2-F777-4B6F-A9DC-17AF98F2390B}"
EndProject
Project("{9A19103F-16F7-4668-BE54-9A1E7A4F7556}") = "2020_02", "2020\02\2020_02.csproj", "{EE530B62-81B4-4D5D-963E-38AAC29D73E5}"
EndProject
Project("{9A19103F-16F7-4668-BE54-9A1E7A4F7556}") = "2020_01", "2020\01\2020_01.csproj", "{D17EC6DB-D072-42C4-8534-5C75D1A96CB7}"
EndProject
Project("{9A19103F-16F7-4668-BE54-9A1E7A4F7556}") = "2020_03", "2020\03\2020_03.csproj", "{2ACF500F-D100-45EE-BCE1-A716B42D9FF9}"
EndProject
Project("{9A19103F-16F7-4668-BE54-9A1E7A4F7556}") = "2020_04", "2020\04\2020_04.csproj", "{9242B1C9-6852-426C-8813-993CFDF64B77}"
EndProject
Project("{9A19103F-16F7-4668-BE54-9A1E7A4F7556}") = "2019_10", "2019\10\2019_10.csproj", "{2F38B158-DEE1-4FB3-B050-CFC531F4251E}"
EndProject
Project("{9A19103F-16F7-4668-BE54-9A1E7A4F7556}") = "2019_11", "2019\11\2019_11.csproj", "{8B550C1D-2B3F-4D56-A656-E3C6E2F18864}"
EndProject
Project("{9A19103F-16F7-4668-BE54-9A1E7A4F7556}") = "2019_12", "2019\12\2019_12.csproj", "{61BB298D-930B-4BE2-A70C-B5CCF73F4383}"
EndProject
Project("{9A19103F-16F7-4668-BE54-9A1E7A4F7556}") = "2019_15", "2019\15\2019_15.csproj", "{9B8997A6-C24D-4821-B674-D947EB4EEFF7}"
EndProject
Project("{9A19103F-16F7-4668-BE54-9A1E7A4F7556}") = "2019_01", "2019\01\2019_01.csproj", "{064FC484-B5E3-413A-82AF-E1F8C7A6EDA2}"
EndProject
Project("{9A19103F-16F7-4668-BE54-9A1E7A4F7556}") = "2019_02", "2019\02\2019_02.csproj", "{C45AC45B-9BDC-4FB3-AB6A-326B7CD59B12}"
EndProject
Project("{9A19103F-16F7-4668-BE54-9A1E7A4F7556}") = "2019_03", "2019\03\2019_03.csproj", "{AEB2CF22-D5A0-445F-9C48-AE8B4293D774}"
EndProject
Project("{9A19103F-16F7-4668-BE54-9A1E7A4F7556}") = "2019_04", "2019\04\2019_04.csproj", "{18D50F3E-E4A1-485A-8274-AACDA6B2B9D6}"
EndProject
Project("{9A19103F-16F7-4668-BE54-9A1E7A4F7556}") = "2019_05", "2019\05\2019_05.csproj", "{0BB3254E-A5C0-4952-8DC6-3E67C16D35DF}"
EndProject
Project("{9A19103F-16F7-4668-BE54-9A1E7A4F7556}") = "2019_06", "2019\06\2019_06.csproj", "{6F0FE07B-F89C-48E3-885D-F53E2073C91A}"
EndProject
Project("{9A19103F-16F7-4668-BE54-9A1E7A4F7556}") = "2015_01", "2015\01\2015_01.csproj", "{1CFACC5E-AA1C-4DF2-8F60-2DF4BF0D9F1A}"
EndProject
Project("{9A19103F-16F7-4668-BE54-9A1E7A4F7556}") = "2015_02", "2015\02\2015_02.csproj", "{2B21C0A9-0E87-40F5-9A27-5607F3FB5988}"
EndProject
Project("{9A19103F-16F7-4668-BE54-9A1E7A4F7556}") = "2015_03", "2015\03\2015_03.csproj", "{4F3D93A6-D6FB-406B-A299-16E1F359EC6A}"
EndProject
Project("{9A19103F-16F7-4668-BE54-9A1E7A4F7556}") = "2015_04", "2015\04\2015_04.csproj", "{6479F957-AB96-47A0-9FB6-3019EFC4168B}"
EndProject
Project("{9A19103F-16F7-4668-BE54-9A1E7A4F7556}") = "2015_05", "2015\05\2015_05.csproj", "{E60815F9-E446-47E8-9F82-90AE80657A5A}"
EndProject
Project("{9A19103F-16F7-4668-BE54-9A1E7A4F7556}") = "2015_06", "2015\06\2015_06.csproj", "{E2777A1F-D98C-46EE-9031-9A68D4867F1C}"
EndProject
Project("{9A19103F-16F7-4668-BE54-9A1E7A4F7556}") = "2015_07", "2015\07\2015_07.csproj", "{5D7130F6-B970-4AC0-90D3-38407E66EB64}"
EndProject
Project("{9A19103F-16F7-4668-BE54-9A1E7A4F7556}") = "2015_18", "2015\18\2015_18.csproj", "{8DC28261-DD03-4440-87D3-298EE17EE01D}"
EndProject
Project("{9A19103F-16F7-4668-BE54-9A1E7A4F7556}") = "2015_19", "2015\19\2015_19.csproj", "{CE89CDCA-FCE8-409A-B577-09368948C45B}"
EndProject
Project("{9A19103F-16F7-4668-BE54-9A1E7A4F7556}") = "2019_07", "2019\07\2019_07.csproj", "{52711874-0969-4283-99C9-24D6FD4DD627}"
EndProject
Project("{9A19103F-16F7-4668-BE54-9A1E7A4F7556}") = "2019_08", "2019\08\2019_08.csproj", "{04427F6E-F703-4A73-A894-FE6644FCD408}"
EndProject
Project("{9A19103F-16F7-4668-BE54-9A1E7A4F7556}") = "2015_20", "2015\20\2015_20.csproj", "{DAC3C240-BF75-48E6-8CC0-55421C1141EA}"
EndProject
Project("{9A19103F-16F7-4668-BE54-9A1E7A4F7556}") = "2019_09", "2019\09\2019_09.csproj", "{3F567963-9D17-4DAB-882B-DF20822D725E}"
EndProject
Project("{9A19103F-16F7-4668-BE54-9A1E7A4F7556}") = "2015_22", "2015\22\2015_22.csproj", "{70EADAC4-5EE2-4EB3-BC65-1BA736E7053F}"
EndProject
Project("{9A19103F-16F7-4668-BE54-9A1E7A4F7556}") = "2015_21", "2015\21\2015_21.csproj", "{662702C5-87DC-44A0-BEAD-A5FD8A6B082F}"
EndProject
Project("{9A19103F-16F7-4668-BE54-9A1E7A4F7556}") = "2015_23", "2015\23\2015_23.csproj", "{1EFBD482-DD9A-4C98-9A32-2819D6029080}"
EndProject
Project("{9A19103F-16F7-4668-BE54-9A1E7A4F7556}") = "2015_24", "2015\24\2015_24.csproj", "{749BDCF6-21B1-4D4C-9779-76808F33348A}"
EndProject
Project("{9A19103F-16F7-4668-BE54-9A1E7A4F7556}") = "2015_25", "2015\25\2015_25.csproj", "{88E1572C-6C98-4ADA-97E9-93D769C2C643}"
EndProject
Project("{9A19103F-16F7-4668-BE54-9A1E7A4F7556}") = "2019_13", "2019\13\2019_13.csproj", "{7314676E-2B19-4A9E-9BC6-2BB8C3B660B1}"
EndProject
Project("{9A19103F-16F7-4668-BE54-9A1E7A4F7556}") = "2019_14", "2019\14\2019_14.csproj", "{4BB3DD14-5522-43A7-AF5E-004070012A9C}"
EndProject
Project("{9A19103F-16F7-4668-BE54-9A1E7A4F7556}") = "2020_05", "2020\05\2020_05.csproj", "{7DD6F62D-E83B-4266-A5E1-9C7F9DEFF9AF}"
EndProject
Project("{9A19103F-16F7-4668-BE54-9A1E7A4F7556}") = "2020_06", "2020\06\2020_06.csproj", "{32704B25-CD56-4B44-9F02-C33BB8CE3904}"
EndProject
Project("{9A19103F-16F7-4668-BE54-9A1E7A4F7556}") = "2020_07", "2020\07\2020_07.csproj", "{0074A97E-D23B-4B3E-A92F-024A5079A36A}"
EndProject
Project("{9A19103F-16F7-4668-BE54-9A1E7A4F7556}") = "2020_08", "2020\08\2020_08.csproj", "{AC7606AA-40AB-4254-BA88-E1E433615C1B}"
EndProject
Project("{9A19103F-16F7-4668-BE54-9A1E7A4F7556}") = "2021_01", "2021\01\2021_01.csproj", "{9C06702C-23B2-481E-A9A7-39C55A2D3E5E}"
EndProject
Project("{9A19103F-16F7-4668-BE54-9A1E7A4F7556}") = "2021_02", "2021\02\2021_02.csproj", "{A4890D63-6D9A-436F-8896-B2122B082F1A}"
EndProject
Project("{9A19103F-16F7-4668-BE54-9A1E7A4F7556}") = "2021_03", "2021\03\2021_03.csproj", "{916523C2-2DFF-4A5C-9AC2-7A2FDD690BE8}"
EndProject
Project("{9A19103F-16F7-4668-BE54-9A1E7A4F7556}") = "2021_04", "2021\04\2021_04.csproj", "{342B255C-56FE-4BE3-9B7C-C25CE982F122}"
EndProject
Project("{9A19103F-16F7-4668-BE54-9A1E7A4F7556}") = "2021_05", "2021\05\2021_05.csproj", "{3760BE2C-8939-44C9-90AE-DE877E69C8C1}"
EndProject
Project("{9A19103F-16F7-4668-BE54-9A1E7A4F7556}") = "2021_06", "2021\06\2021_06.csproj", "{7F6D91B3-B387-46DE-960B-10F07A2F10C9}"
EndProject
Project("{9A19103F-16F7-4668-BE54-9A1E7A4F7556}") = "2021_07", "2021\07\2021_07.csproj", "{36CAF72C-BEA5-41F3-B70A-6252D3CF4ECF}"
EndProject
Project("{2150E333-8FDC-42A3-9474-1A3956D46DE8}") = "2015", "2015", "{7354350D-27E1-46CC-B23C-640A214C69B7}"
EndProject
Project("{2150E333-8FDC-42A3-9474-1A3956D46DE8}") = "2019", "2019", "{77FF1C0E-6F29-4890-B548-6E011FB090B8}"
EndProject
Project("{2150E333-8FDC-42A3-9474-1A3956D46DE8}") = "2020", "2020", "{BBF91E32-1706-41A9-9A7F-74A9CF8AF92B}"
EndProject
Project("{2150E333-8FDC-42A3-9474-1A3956D46DE8}") = "2021", "2021", "{45F346C1-38D6-4791-ABBD-DF5D5EA5C463}"
EndProject
Project("{9A19103F-16F7-4668-BE54-9A1E7A4F7556}") = "2021_08", "2021\08\2021_08.csproj", "{C9EC5912-A6E6-402B-BD79-BDDFB74E140E}"
EndProject
Global
	GlobalSection(SolutionConfigurationPlatforms) = preSolution
		Debug|Any CPU = Debug|Any CPU
		Release|Any CPU = Release|Any CPU
	EndGlobalSection
	GlobalSection(ProjectConfigurationPlatforms) = postSolution
		{6D84D8B2-F777-4B6F-A9DC-17AF98F2390B}.Debug|Any CPU.ActiveCfg = Debug|Any CPU
		{6D84D8B2-F777-4B6F-A9DC-17AF98F2390B}.Debug|Any CPU.Build.0 = Debug|Any CPU
		{6D84D8B2-F777-4B6F-A9DC-17AF98F2390B}.Release|Any CPU.ActiveCfg = Release|Any CPU
		{6D84D8B2-F777-4B6F-A9DC-17AF98F2390B}.Release|Any CPU.Build.0 = Release|Any CPU
		{EE530B62-81B4-4D5D-963E-38AAC29D73E5}.Debug|Any CPU.ActiveCfg = Debug|Any CPU
		{EE530B62-81B4-4D5D-963E-38AAC29D73E5}.Debug|Any CPU.Build.0 = Debug|Any CPU
		{EE530B62-81B4-4D5D-963E-38AAC29D73E5}.Release|Any CPU.ActiveCfg = Release|Any CPU
		{EE530B62-81B4-4D5D-963E-38AAC29D73E5}.Release|Any CPU.Build.0 = Release|Any CPU
		{D17EC6DB-D072-42C4-8534-5C75D1A96CB7}.Debug|Any CPU.ActiveCfg = Debug|Any CPU
		{D17EC6DB-D072-42C4-8534-5C75D1A96CB7}.Debug|Any CPU.Build.0 = Debug|Any CPU
		{D17EC6DB-D072-42C4-8534-5C75D1A96CB7}.Release|Any CPU.ActiveCfg = Release|Any CPU
		{D17EC6DB-D072-42C4-8534-5C75D1A96CB7}.Release|Any CPU.Build.0 = Release|Any CPU
		{2ACF500F-D100-45EE-BCE1-A716B42D9FF9}.Debug|Any CPU.ActiveCfg = Debug|Any CPU
		{2ACF500F-D100-45EE-BCE1-A716B42D9FF9}.Debug|Any CPU.Build.0 = Debug|Any CPU
		{2ACF500F-D100-45EE-BCE1-A716B42D9FF9}.Release|Any CPU.ActiveCfg = Release|Any CPU
		{2ACF500F-D100-45EE-BCE1-A716B42D9FF9}.Release|Any CPU.Build.0 = Release|Any CPU
		{9242B1C9-6852-426C-8813-993CFDF64B77}.Debug|Any CPU.ActiveCfg = Debug|Any CPU
		{9242B1C9-6852-426C-8813-993CFDF64B77}.Debug|Any CPU.Build.0 = Debug|Any CPU
		{9242B1C9-6852-426C-8813-993CFDF64B77}.Release|Any CPU.ActiveCfg = Release|Any CPU
		{9242B1C9-6852-426C-8813-993CFDF64B77}.Release|Any CPU.Build.0 = Release|Any CPU
		{2F38B158-DEE1-4FB3-B050-CFC531F4251E}.Debug|Any CPU.ActiveCfg = Debug|Any CPU
		{2F38B158-DEE1-4FB3-B050-CFC531F4251E}.Debug|Any CPU.Build.0 = Debug|Any CPU
		{2F38B158-DEE1-4FB3-B050-CFC531F4251E}.Release|Any CPU.ActiveCfg = Release|Any CPU
		{2F38B158-DEE1-4FB3-B050-CFC531F4251E}.Release|Any CPU.Build.0 = Release|Any CPU
		{8B550C1D-2B3F-4D56-A656-E3C6E2F18864}.Debug|Any CPU.ActiveCfg = Debug|Any CPU
		{8B550C1D-2B3F-4D56-A656-E3C6E2F18864}.Debug|Any CPU.Build.0 = Debug|Any CPU
		{8B550C1D-2B3F-4D56-A656-E3C6E2F18864}.Release|Any CPU.ActiveCfg = Release|Any CPU
		{8B550C1D-2B3F-4D56-A656-E3C6E2F18864}.Release|Any CPU.Build.0 = Release|Any CPU
		{61BB298D-930B-4BE2-A70C-B5CCF73F4383}.Debug|Any CPU.ActiveCfg = Debug|Any CPU
		{61BB298D-930B-4BE2-A70C-B5CCF73F4383}.Debug|Any CPU.Build.0 = Debug|Any CPU
		{61BB298D-930B-4BE2-A70C-B5CCF73F4383}.Release|Any CPU.ActiveCfg = Release|Any CPU
		{61BB298D-930B-4BE2-A70C-B5CCF73F4383}.Release|Any CPU.Build.0 = Release|Any CPU
		{9B8997A6-C24D-4821-B674-D947EB4EEFF7}.Debug|Any CPU.ActiveCfg = Debug|Any CPU
		{9B8997A6-C24D-4821-B674-D947EB4EEFF7}.Debug|Any CPU.Build.0 = Debug|Any CPU
		{9B8997A6-C24D-4821-B674-D947EB4EEFF7}.Release|Any CPU.ActiveCfg = Release|Any CPU
		{9B8997A6-C24D-4821-B674-D947EB4EEFF7}.Release|Any CPU.Build.0 = Release|Any CPU
		{064FC484-B5E3-413A-82AF-E1F8C7A6EDA2}.Debug|Any CPU.ActiveCfg = Debug|Any CPU
		{064FC484-B5E3-413A-82AF-E1F8C7A6EDA2}.Debug|Any CPU.Build.0 = Debug|Any CPU
		{064FC484-B5E3-413A-82AF-E1F8C7A6EDA2}.Release|Any CPU.ActiveCfg = Release|Any CPU
		{064FC484-B5E3-413A-82AF-E1F8C7A6EDA2}.Release|Any CPU.Build.0 = Release|Any CPU
		{C45AC45B-9BDC-4FB3-AB6A-326B7CD59B12}.Debug|Any CPU.ActiveCfg = Debug|Any CPU
		{C45AC45B-9BDC-4FB3-AB6A-326B7CD59B12}.Debug|Any CPU.Build.0 = Debug|Any CPU
		{C45AC45B-9BDC-4FB3-AB6A-326B7CD59B12}.Release|Any CPU.ActiveCfg = Release|Any CPU
		{C45AC45B-9BDC-4FB3-AB6A-326B7CD59B12}.Release|Any CPU.Build.0 = Release|Any CPU
		{AEB2CF22-D5A0-445F-9C48-AE8B4293D774}.Debug|Any CPU.ActiveCfg = Debug|Any CPU
		{AEB2CF22-D5A0-445F-9C48-AE8B4293D774}.Debug|Any CPU.Build.0 = Debug|Any CPU
		{AEB2CF22-D5A0-445F-9C48-AE8B4293D774}.Release|Any CPU.ActiveCfg = Release|Any CPU
		{AEB2CF22-D5A0-445F-9C48-AE8B4293D774}.Release|Any CPU.Build.0 = Release|Any CPU
		{18D50F3E-E4A1-485A-8274-AACDA6B2B9D6}.Debug|Any CPU.ActiveCfg = Debug|Any CPU
		{18D50F3E-E4A1-485A-8274-AACDA6B2B9D6}.Debug|Any CPU.Build.0 = Debug|Any CPU
		{18D50F3E-E4A1-485A-8274-AACDA6B2B9D6}.Release|Any CPU.ActiveCfg = Release|Any CPU
		{18D50F3E-E4A1-485A-8274-AACDA6B2B9D6}.Release|Any CPU.Build.0 = Release|Any CPU
		{0BB3254E-A5C0-4952-8DC6-3E67C16D35DF}.Debug|Any CPU.ActiveCfg = Debug|Any CPU
		{0BB3254E-A5C0-4952-8DC6-3E67C16D35DF}.Debug|Any CPU.Build.0 = Debug|Any CPU
		{0BB3254E-A5C0-4952-8DC6-3E67C16D35DF}.Release|Any CPU.ActiveCfg = Release|Any CPU
		{0BB3254E-A5C0-4952-8DC6-3E67C16D35DF}.Release|Any CPU.Build.0 = Release|Any CPU
		{6F0FE07B-F89C-48E3-885D-F53E2073C91A}.Debug|Any CPU.ActiveCfg = Debug|Any CPU
		{6F0FE07B-F89C-48E3-885D-F53E2073C91A}.Debug|Any CPU.Build.0 = Debug|Any CPU
		{6F0FE07B-F89C-48E3-885D-F53E2073C91A}.Release|Any CPU.ActiveCfg = Release|Any CPU
		{6F0FE07B-F89C-48E3-885D-F53E2073C91A}.Release|Any CPU.Build.0 = Release|Any CPU
		{1CFACC5E-AA1C-4DF2-8F60-2DF4BF0D9F1A}.Debug|Any CPU.ActiveCfg = Debug|Any CPU
		{1CFACC5E-AA1C-4DF2-8F60-2DF4BF0D9F1A}.Debug|Any CPU.Build.0 = Debug|Any CPU
		{1CFACC5E-AA1C-4DF2-8F60-2DF4BF0D9F1A}.Release|Any CPU.ActiveCfg = Release|Any CPU
		{1CFACC5E-AA1C-4DF2-8F60-2DF4BF0D9F1A}.Release|Any CPU.Build.0 = Release|Any CPU
		{2B21C0A9-0E87-40F5-9A27-5607F3FB5988}.Debug|Any CPU.ActiveCfg = Debug|Any CPU
		{2B21C0A9-0E87-40F5-9A27-5607F3FB5988}.Debug|Any CPU.Build.0 = Debug|Any CPU
		{2B21C0A9-0E87-40F5-9A27-5607F3FB5988}.Release|Any CPU.ActiveCfg = Release|Any CPU
		{2B21C0A9-0E87-40F5-9A27-5607F3FB5988}.Release|Any CPU.Build.0 = Release|Any CPU
		{4F3D93A6-D6FB-406B-A299-16E1F359EC6A}.Debug|Any CPU.ActiveCfg = Debug|Any CPU
		{4F3D93A6-D6FB-406B-A299-16E1F359EC6A}.Debug|Any CPU.Build.0 = Debug|Any CPU
		{4F3D93A6-D6FB-406B-A299-16E1F359EC6A}.Release|Any CPU.ActiveCfg = Release|Any CPU
		{4F3D93A6-D6FB-406B-A299-16E1F359EC6A}.Release|Any CPU.Build.0 = Release|Any CPU
		{6479F957-AB96-47A0-9FB6-3019EFC4168B}.Debug|Any CPU.ActiveCfg = Debug|Any CPU
		{6479F957-AB96-47A0-9FB6-3019EFC4168B}.Debug|Any CPU.Build.0 = Debug|Any CPU
		{6479F957-AB96-47A0-9FB6-3019EFC4168B}.Release|Any CPU.ActiveCfg = Release|Any CPU
		{6479F957-AB96-47A0-9FB6-3019EFC4168B}.Release|Any CPU.Build.0 = Release|Any CPU
		{E60815F9-E446-47E8-9F82-90AE80657A5A}.Debug|Any CPU.ActiveCfg = Debug|Any CPU
		{E60815F9-E446-47E8-9F82-90AE80657A5A}.Debug|Any CPU.Build.0 = Debug|Any CPU
		{E60815F9-E446-47E8-9F82-90AE80657A5A}.Release|Any CPU.ActiveCfg = Release|Any CPU
		{E60815F9-E446-47E8-9F82-90AE80657A5A}.Release|Any CPU.Build.0 = Release|Any CPU
		{E2777A1F-D98C-46EE-9031-9A68D4867F1C}.Debug|Any CPU.ActiveCfg = Debug|Any CPU
		{E2777A1F-D98C-46EE-9031-9A68D4867F1C}.Debug|Any CPU.Build.0 = Debug|Any CPU
		{E2777A1F-D98C-46EE-9031-9A68D4867F1C}.Release|Any CPU.ActiveCfg = Release|Any CPU
		{E2777A1F-D98C-46EE-9031-9A68D4867F1C}.Release|Any CPU.Build.0 = Release|Any CPU
		{5D7130F6-B970-4AC0-90D3-38407E66EB64}.Debug|Any CPU.ActiveCfg = Debug|Any CPU
		{5D7130F6-B970-4AC0-90D3-38407E66EB64}.Debug|Any CPU.Build.0 = Debug|Any CPU
		{5D7130F6-B970-4AC0-90D3-38407E66EB64}.Release|Any CPU.ActiveCfg = Release|Any CPU
		{5D7130F6-B970-4AC0-90D3-38407E66EB64}.Release|Any CPU.Build.0 = Release|Any CPU
		{8DC28261-DD03-4440-87D3-298EE17EE01D}.Debug|Any CPU.ActiveCfg = Debug|Any CPU
		{8DC28261-DD03-4440-87D3-298EE17EE01D}.Debug|Any CPU.Build.0 = Debug|Any CPU
		{8DC28261-DD03-4440-87D3-298EE17EE01D}.Release|Any CPU.ActiveCfg = Release|Any CPU
		{8DC28261-DD03-4440-87D3-298EE17EE01D}.Release|Any CPU.Build.0 = Release|Any CPU
		{CE89CDCA-FCE8-409A-B577-09368948C45B}.Debug|Any CPU.ActiveCfg = Debug|Any CPU
		{CE89CDCA-FCE8-409A-B577-09368948C45B}.Debug|Any CPU.Build.0 = Debug|Any CPU
		{CE89CDCA-FCE8-409A-B577-09368948C45B}.Release|Any CPU.ActiveCfg = Release|Any CPU
		{CE89CDCA-FCE8-409A-B577-09368948C45B}.Release|Any CPU.Build.0 = Release|Any CPU
		{52711874-0969-4283-99C9-24D6FD4DD627}.Debug|Any CPU.ActiveCfg = Debug|Any CPU
		{52711874-0969-4283-99C9-24D6FD4DD627}.Debug|Any CPU.Build.0 = Debug|Any CPU
		{52711874-0969-4283-99C9-24D6FD4DD627}.Release|Any CPU.ActiveCfg = Release|Any CPU
		{52711874-0969-4283-99C9-24D6FD4DD627}.Release|Any CPU.Build.0 = Release|Any CPU
		{04427F6E-F703-4A73-A894-FE6644FCD408}.Debug|Any CPU.ActiveCfg = Debug|Any CPU
		{04427F6E-F703-4A73-A894-FE6644FCD408}.Debug|Any CPU.Build.0 = Debug|Any CPU
		{04427F6E-F703-4A73-A894-FE6644FCD408}.Release|Any CPU.ActiveCfg = Release|Any CPU
		{04427F6E-F703-4A73-A894-FE6644FCD408}.Release|Any CPU.Build.0 = Release|Any CPU
		{DAC3C240-BF75-48E6-8CC0-55421C1141EA}.Debug|Any CPU.ActiveCfg = Debug|Any CPU
		{DAC3C240-BF75-48E6-8CC0-55421C1141EA}.Debug|Any CPU.Build.0 = Debug|Any CPU
		{DAC3C240-BF75-48E6-8CC0-55421C1141EA}.Release|Any CPU.ActiveCfg = Release|Any CPU
		{DAC3C240-BF75-48E6-8CC0-55421C1141EA}.Release|Any CPU.Build.0 = Release|Any CPU
		{3F567963-9D17-4DAB-882B-DF20822D725E}.Debug|Any CPU.ActiveCfg = Debug|Any CPU
		{3F567963-9D17-4DAB-882B-DF20822D725E}.Debug|Any CPU.Build.0 = Debug|Any CPU
		{3F567963-9D17-4DAB-882B-DF20822D725E}.Release|Any CPU.ActiveCfg = Release|Any CPU
		{3F567963-9D17-4DAB-882B-DF20822D725E}.Release|Any CPU.Build.0 = Release|Any CPU
		{70EADAC4-5EE2-4EB3-BC65-1BA736E7053F}.Debug|Any CPU.ActiveCfg = Debug|Any CPU
		{70EADAC4-5EE2-4EB3-BC65-1BA736E7053F}.Debug|Any CPU.Build.0 = Debug|Any CPU
		{70EADAC4-5EE2-4EB3-BC65-1BA736E7053F}.Release|Any CPU.ActiveCfg = Release|Any CPU
		{70EADAC4-5EE2-4EB3-BC65-1BA736E7053F}.Release|Any CPU.Build.0 = Release|Any CPU
		{662702C5-87DC-44A0-BEAD-A5FD8A6B082F}.Debug|Any CPU.ActiveCfg = Debug|Any CPU
		{662702C5-87DC-44A0-BEAD-A5FD8A6B082F}.Debug|Any CPU.Build.0 = Debug|Any CPU
		{662702C5-87DC-44A0-BEAD-A5FD8A6B082F}.Release|Any CPU.ActiveCfg = Release|Any CPU
		{662702C5-87DC-44A0-BEAD-A5FD8A6B082F}.Release|Any CPU.Build.0 = Release|Any CPU
		{1EFBD482-DD9A-4C98-9A32-2819D6029080}.Debug|Any CPU.ActiveCfg = Debug|Any CPU
		{1EFBD482-DD9A-4C98-9A32-2819D6029080}.Debug|Any CPU.Build.0 = Debug|Any CPU
		{1EFBD482-DD9A-4C98-9A32-2819D6029080}.Release|Any CPU.ActiveCfg = Release|Any CPU
		{1EFBD482-DD9A-4C98-9A32-2819D6029080}.Release|Any CPU.Build.0 = Release|Any CPU
		{749BDCF6-21B1-4D4C-9779-76808F33348A}.Debug|Any CPU.ActiveCfg = Debug|Any CPU
		{749BDCF6-21B1-4D4C-9779-76808F33348A}.Debug|Any CPU.Build.0 = Debug|Any CPU
		{749BDCF6-21B1-4D4C-9779-76808F33348A}.Release|Any CPU.ActiveCfg = Release|Any CPU
		{749BDCF6-21B1-4D4C-9779-76808F33348A}.Release|Any CPU.Build.0 = Release|Any CPU
		{88E1572C-6C98-4ADA-97E9-93D769C2C643}.Debug|Any CPU.ActiveCfg = Debug|Any CPU
		{88E1572C-6C98-4ADA-97E9-93D769C2C643}.Debug|Any CPU.Build.0 = Debug|Any CPU
		{88E1572C-6C98-4ADA-97E9-93D769C2C643}.Release|Any CPU.ActiveCfg = Release|Any CPU
		{88E1572C-6C98-4ADA-97E9-93D769C2C643}.Release|Any CPU.Build.0 = Release|Any CPU
		{7314676E-2B19-4A9E-9BC6-2BB8C3B660B1}.Debug|Any CPU.ActiveCfg = Debug|Any CPU
		{7314676E-2B19-4A9E-9BC6-2BB8C3B660B1}.Debug|Any CPU.Build.0 = Debug|Any CPU
		{7314676E-2B19-4A9E-9BC6-2BB8C3B660B1}.Release|Any CPU.ActiveCfg = Release|Any CPU
		{7314676E-2B19-4A9E-9BC6-2BB8C3B660B1}.Release|Any CPU.Build.0 = Release|Any CPU
		{4BB3DD14-5522-43A7-AF5E-004070012A9C}.Debug|Any CPU.ActiveCfg = Debug|Any CPU
		{4BB3DD14-5522-43A7-AF5E-004070012A9C}.Debug|Any CPU.Build.0 = Debug|Any CPU
		{4BB3DD14-5522-43A7-AF5E-004070012A9C}.Release|Any CPU.ActiveCfg = Release|Any CPU
		{4BB3DD14-5522-43A7-AF5E-004070012A9C}.Release|Any CPU.Build.0 = Release|Any CPU
		{7DD6F62D-E83B-4266-A5E1-9C7F9DEFF9AF}.Debug|Any CPU.ActiveCfg = Debug|Any CPU
		{7DD6F62D-E83B-4266-A5E1-9C7F9DEFF9AF}.Debug|Any CPU.Build.0 = Debug|Any CPU
		{7DD6F62D-E83B-4266-A5E1-9C7F9DEFF9AF}.Release|Any CPU.ActiveCfg = Release|Any CPU
		{7DD6F62D-E83B-4266-A5E1-9C7F9DEFF9AF}.Release|Any CPU.Build.0 = Release|Any CPU
		{32704B25-CD56-4B44-9F02-C33BB8CE3904}.Debug|Any CPU.ActiveCfg = Debug|Any CPU
		{32704B25-CD56-4B44-9F02-C33BB8CE3904}.Debug|Any CPU.Build.0 = Debug|Any CPU
		{32704B25-CD56-4B44-9F02-C33BB8CE3904}.Release|Any CPU.ActiveCfg = Release|Any CPU
		{32704B25-CD56-4B44-9F02-C33BB8CE3904}.Release|Any CPU.Build.0 = Release|Any CPU
		{0074A97E-D23B-4B3E-A92F-024A5079A36A}.Debug|Any CPU.ActiveCfg = Debug|Any CPU
		{0074A97E-D23B-4B3E-A92F-024A5079A36A}.Debug|Any CPU.Build.0 = Debug|Any CPU
		{0074A97E-D23B-4B3E-A92F-024A5079A36A}.Release|Any CPU.ActiveCfg = Release|Any CPU
		{0074A97E-D23B-4B3E-A92F-024A5079A36A}.Release|Any CPU.Build.0 = Release|Any CPU
		{AC7606AA-40AB-4254-BA88-E1E433615C1B}.Debug|Any CPU.ActiveCfg = Debug|Any CPU
		{AC7606AA-40AB-4254-BA88-E1E433615C1B}.Debug|Any CPU.Build.0 = Debug|Any CPU
		{AC7606AA-40AB-4254-BA88-E1E433615C1B}.Release|Any CPU.ActiveCfg = Release|Any CPU
		{AC7606AA-40AB-4254-BA88-E1E433615C1B}.Release|Any CPU.Build.0 = Release|Any CPU
		{9C06702C-23B2-481E-A9A7-39C55A2D3E5E}.Debug|Any CPU.ActiveCfg = Debug|Any CPU
		{9C06702C-23B2-481E-A9A7-39C55A2D3E5E}.Debug|Any CPU.Build.0 = Debug|Any CPU
		{9C06702C-23B2-481E-A9A7-39C55A2D3E5E}.Release|Any CPU.ActiveCfg = Release|Any CPU
		{9C06702C-23B2-481E-A9A7-39C55A2D3E5E}.Release|Any CPU.Build.0 = Release|Any CPU
		{A4890D63-6D9A-436F-8896-B2122B082F1A}.Debug|Any CPU.ActiveCfg = Debug|Any CPU
		{A4890D63-6D9A-436F-8896-B2122B082F1A}.Debug|Any CPU.Build.0 = Debug|Any CPU
		{A4890D63-6D9A-436F-8896-B2122B082F1A}.Release|Any CPU.ActiveCfg = Release|Any CPU
		{A4890D63-6D9A-436F-8896-B2122B082F1A}.Release|Any CPU.Build.0 = Release|Any CPU
		{916523C2-2DFF-4A5C-9AC2-7A2FDD690BE8}.Debug|Any CPU.ActiveCfg = Debug|Any CPU
		{916523C2-2DFF-4A5C-9AC2-7A2FDD690BE8}.Debug|Any CPU.Build.0 = Debug|Any CPU
		{916523C2-2DFF-4A5C-9AC2-7A2FDD690BE8}.Release|Any CPU.ActiveCfg = Release|Any CPU
		{916523C2-2DFF-4A5C-9AC2-7A2FDD690BE8}.Release|Any CPU.Build.0 = Release|Any CPU
		{342B255C-56FE-4BE3-9B7C-C25CE982F122}.Debug|Any CPU.ActiveCfg = Debug|Any CPU
		{342B255C-56FE-4BE3-9B7C-C25CE982F122}.Debug|Any CPU.Build.0 = Debug|Any CPU
		{342B255C-56FE-4BE3-9B7C-C25CE982F122}.Release|Any CPU.ActiveCfg = Release|Any CPU
		{342B255C-56FE-4BE3-9B7C-C25CE982F122}.Release|Any CPU.Build.0 = Release|Any CPU
		{3760BE2C-8939-44C9-90AE-DE877E69C8C1}.Debug|Any CPU.ActiveCfg = Debug|Any CPU
		{3760BE2C-8939-44C9-90AE-DE877E69C8C1}.Debug|Any CPU.Build.0 = Debug|Any CPU
		{3760BE2C-8939-44C9-90AE-DE877E69C8C1}.Release|Any CPU.ActiveCfg = Release|Any CPU
		{3760BE2C-8939-44C9-90AE-DE877E69C8C1}.Release|Any CPU.Build.0 = Release|Any CPU
		{7F6D91B3-B387-46DE-960B-10F07A2F10C9}.Debug|Any CPU.ActiveCfg = Debug|Any CPU
		{7F6D91B3-B387-46DE-960B-10F07A2F10C9}.Debug|Any CPU.Build.0 = Debug|Any CPU
		{7F6D91B3-B387-46DE-960B-10F07A2F10C9}.Release|Any CPU.ActiveCfg = Release|Any CPU
		{7F6D91B3-B387-46DE-960B-10F07A2F10C9}.Release|Any CPU.Build.0 = Release|Any CPU
		{36CAF72C-BEA5-41F3-B70A-6252D3CF4ECF}.Debug|Any CPU.ActiveCfg = Debug|Any CPU
		{36CAF72C-BEA5-41F3-B70A-6252D3CF4ECF}.Debug|Any CPU.Build.0 = Debug|Any CPU
		{36CAF72C-BEA5-41F3-B70A-6252D3CF4ECF}.Release|Any CPU.ActiveCfg = Release|Any CPU
		{36CAF72C-BEA5-41F3-B70A-6252D3CF4ECF}.Release|Any CPU.Build.0 = Release|Any CPU
		{C9EC5912-A6E6-402B-BD79-BDDFB74E140E}.Debug|Any CPU.ActiveCfg = Debug|Any CPU
		{C9EC5912-A6E6-402B-BD79-BDDFB74E140E}.Debug|Any CPU.Build.0 = Debug|Any CPU
		{C9EC5912-A6E6-402B-BD79-BDDFB74E140E}.Release|Any CPU.ActiveCfg = Release|Any CPU
		{C9EC5912-A6E6-402B-BD79-BDDFB74E140E}.Release|Any CPU.Build.0 = Release|Any CPU
	EndGlobalSection
	GlobalSection(SolutionProperties) = preSolution
		HideSolutionNode = FALSE
	EndGlobalSection
	GlobalSection(NestedProjects) = preSolution
		{EE530B62-81B4-4D5D-963E-38AAC29D73E5} = {BBF91E32-1706-41A9-9A7F-74A9CF8AF92B}
		{D17EC6DB-D072-42C4-8534-5C75D1A96CB7} = {BBF91E32-1706-41A9-9A7F-74A9CF8AF92B}
		{2ACF500F-D100-45EE-BCE1-A716B42D9FF9} = {BBF91E32-1706-41A9-9A7F-74A9CF8AF92B}
		{9242B1C9-6852-426C-8813-993CFDF64B77} = {BBF91E32-1706-41A9-9A7F-74A9CF8AF92B}
		{2F38B158-DEE1-4FB3-B050-CFC531F4251E} = {77FF1C0E-6F29-4890-B548-6E011FB090B8}
		{8B550C1D-2B3F-4D56-A656-E3C6E2F18864} = {77FF1C0E-6F29-4890-B548-6E011FB090B8}
		{61BB298D-930B-4BE2-A70C-B5CCF73F4383} = {77FF1C0E-6F29-4890-B548-6E011FB090B8}
		{9B8997A6-C24D-4821-B674-D947EB4EEFF7} = {77FF1C0E-6F29-4890-B548-6E011FB090B8}
		{064FC484-B5E3-413A-82AF-E1F8C7A6EDA2} = {77FF1C0E-6F29-4890-B548-6E011FB090B8}
		{C45AC45B-9BDC-4FB3-AB6A-326B7CD59B12} = {77FF1C0E-6F29-4890-B548-6E011FB090B8}
		{AEB2CF22-D5A0-445F-9C48-AE8B4293D774} = {77FF1C0E-6F29-4890-B548-6E011FB090B8}
		{18D50F3E-E4A1-485A-8274-AACDA6B2B9D6} = {77FF1C0E-6F29-4890-B548-6E011FB090B8}
		{0BB3254E-A5C0-4952-8DC6-3E67C16D35DF} = {77FF1C0E-6F29-4890-B548-6E011FB090B8}
		{6F0FE07B-F89C-48E3-885D-F53E2073C91A} = {77FF1C0E-6F29-4890-B548-6E011FB090B8}
		{1CFACC5E-AA1C-4DF2-8F60-2DF4BF0D9F1A} = {7354350D-27E1-46CC-B23C-640A214C69B7}
		{2B21C0A9-0E87-40F5-9A27-5607F3FB5988} = {7354350D-27E1-46CC-B23C-640A214C69B7}
		{4F3D93A6-D6FB-406B-A299-16E1F359EC6A} = {7354350D-27E1-46CC-B23C-640A214C69B7}
		{6479F957-AB96-47A0-9FB6-3019EFC4168B} = {7354350D-27E1-46CC-B23C-640A214C69B7}
		{E60815F9-E446-47E8-9F82-90AE80657A5A} = {7354350D-27E1-46CC-B23C-640A214C69B7}
		{E2777A1F-D98C-46EE-9031-9A68D4867F1C} = {7354350D-27E1-46CC-B23C-640A214C69B7}
		{5D7130F6-B970-4AC0-90D3-38407E66EB64} = {7354350D-27E1-46CC-B23C-640A214C69B7}
		{8DC28261-DD03-4440-87D3-298EE17EE01D} = {7354350D-27E1-46CC-B23C-640A214C69B7}
		{CE89CDCA-FCE8-409A-B577-09368948C45B} = {7354350D-27E1-46CC-B23C-640A214C69B7}
		{52711874-0969-4283-99C9-24D6FD4DD627} = {77FF1C0E-6F29-4890-B548-6E011FB090B8}
		{04427F6E-F703-4A73-A894-FE6644FCD408} = {77FF1C0E-6F29-4890-B548-6E011FB090B8}
		{DAC3C240-BF75-48E6-8CC0-55421C1141EA} = {7354350D-27E1-46CC-B23C-640A214C69B7}
		{3F567963-9D17-4DAB-882B-DF20822D725E} = {77FF1C0E-6F29-4890-B548-6E011FB090B8}
		{70EADAC4-5EE2-4EB3-BC65-1BA736E7053F} = {7354350D-27E1-46CC-B23C-640A214C69B7}
		{662702C5-87DC-44A0-BEAD-A5FD8A6B082F} = {7354350D-27E1-46CC-B23C-640A214C69B7}
		{1EFBD482-DD9A-4C98-9A32-2819D6029080} = {7354350D-27E1-46CC-B23C-640A214C69B7}
		{749BDCF6-21B1-4D4C-9779-76808F33348A} = {7354350D-27E1-46CC-B23C-640A214C69B7}
		{88E1572C-6C98-4ADA-97E9-93D769C2C643} = {7354350D-27E1-46CC-B23C-640A214C69B7}
		{7314676E-2B19-4A9E-9BC6-2BB8C3B660B1} = {77FF1C0E-6F29-4890-B548-6E011FB090B8}
		{4BB3DD14-5522-43A7-AF5E-004070012A9C} = {77FF1C0E-6F29-4890-B548-6E011FB090B8}
		{7DD6F62D-E83B-4266-A5E1-9C7F9DEFF9AF} = {BBF91E32-1706-41A9-9A7F-74A9CF8AF92B}
		{32704B25-CD56-4B44-9F02-C33BB8CE3904} = {BBF91E32-1706-41A9-9A7F-74A9CF8AF92B}
		{0074A97E-D23B-4B3E-A92F-024A5079A36A} = {BBF91E32-1706-41A9-9A7F-74A9CF8AF92B}
		{AC7606AA-40AB-4254-BA88-E1E433615C1B} = {BBF91E32-1706-41A9-9A7F-74A9CF8AF92B}
		{9C06702C-23B2-481E-A9A7-39C55A2D3E5E} = {45F346C1-38D6-4791-ABBD-DF5D5EA5C463}
		{A4890D63-6D9A-436F-8896-B2122B082F1A} = {45F346C1-38D6-4791-ABBD-DF5D5EA5C463}
		{916523C2-2DFF-4A5C-9AC2-7A2FDD690BE8} = {45F346C1-38D6-4791-ABBD-DF5D5EA5C463}
		{342B255C-56FE-4BE3-9B7C-C25CE982F122} = {45F346C1-38D6-4791-ABBD-DF5D5EA5C463}
		{3760BE2C-8939-44C9-90AE-DE877E69C8C1} = {45F346C1-38D6-4791-ABBD-DF5D5EA5C463}
		{7F6D91B3-B387-46DE-960B-10F07A2F10C9} = {45F346C1-38D6-4791-ABBD-DF5D5EA5C463}
		{36CAF72C-BEA5-41F3-B70A-6252D3CF4ECF} = {45F346C1-38D6-4791-ABBD-DF5D5EA5C463}
	EndGlobalSection
	GlobalSection(ExtensibilityGlobals) = postSolution
		SolutionGuid = {454FDA6A-8130-4B54-A79C-CA44A389B0C0}
	EndGlobalSection
	GlobalSection(MonoDevelopProperties) = preSolution
		Policies = $0
		$0.DotNetNamingPolicy = $1
		$1.DirectoryNamespaceAssociation = PrefixedHierarchical
		$0.TextStylePolicy = $2
		$2.FileWidth = 80
		$2.TabsToSpaces = True
		$2.scope = text/x-csharp
		$2.NoTabsAfterNonTabs = True
		$0.CSharpFormattingPolicy = $3
		$3.scope = text/x-csharp
	EndGlobalSection
EndGlobal
