
Microsoft Visual Studio Solution File, Format Version 12.00
# Visual Studio 15
Project("{D954291E-2A0B-460D-934E-DC6B0785DB48}") = "AoC", "AoC\AoC.shproj", "{CC3E8DD8-2966-4077-B677-23636B24BBC9}"
EndProject
Project("{FAE04EC0-301F-11D3-BF4B-00C04F79EFBC}") = "_2019_01", "2019\01\_2019_01.csproj", "{E5E63F8B-1D8B-4E5A-926F-C77DD9217B54}"
EndProject
Project("{FAE04EC0-301F-11D3-BF4B-00C04F79EFBC}") = "_2019_02", "2019\02\_2019_02.csproj", "{EEAD272B-CAD0-4FE3-BC12-5FCBB6DE84B0}"
EndProject
Project("{FAE04EC0-301F-11D3-BF4B-00C04F79EFBC}") = "_2019_03", "2019\03\_2019_03.csproj", "{3E38634F-3088-403D-BC80-A6BF9B41FAD0}"
EndProject
Global
	GlobalSection(SolutionConfigurationPlatforms) = preSolution
		Debug|Any CPU = Debug|Any CPU
		Release|Any CPU = Release|Any CPU
	EndGlobalSection
	GlobalSection(ProjectConfigurationPlatforms) = postSolution
		{E5E63F8B-1D8B-4E5A-926F-C77DD9217B54}.Debug|Any CPU.ActiveCfg = Debug|Any CPU
		{E5E63F8B-1D8B-4E5A-926F-C77DD9217B54}.Debug|Any CPU.Build.0 = Debug|Any CPU
		{E5E63F8B-1D8B-4E5A-926F-C77DD9217B54}.Release|Any CPU.ActiveCfg = Release|Any CPU
		{E5E63F8B-1D8B-4E5A-926F-C77DD9217B54}.Release|Any CPU.Build.0 = Release|Any CPU
		{EEAD272B-CAD0-4FE3-BC12-5FCBB6DE84B0}.Debug|Any CPU.ActiveCfg = Debug|Any CPU
		{EEAD272B-CAD0-4FE3-BC12-5FCBB6DE84B0}.Debug|Any CPU.Build.0 = Debug|Any CPU
		{EEAD272B-CAD0-4FE3-BC12-5FCBB6DE84B0}.Release|Any CPU.ActiveCfg = Release|Any CPU
		{EEAD272B-CAD0-4FE3-BC12-5FCBB6DE84B0}.Release|Any CPU.Build.0 = Release|Any CPU
		{3E38634F-3088-403D-BC80-A6BF9B41FAD0}.Debug|Any CPU.ActiveCfg = Debug|Any CPU
		{3E38634F-3088-403D-BC80-A6BF9B41FAD0}.Debug|Any CPU.Build.0 = Debug|Any CPU
		{3E38634F-3088-403D-BC80-A6BF9B41FAD0}.Release|Any CPU.ActiveCfg = Release|Any CPU
		{3E38634F-3088-403D-BC80-A6BF9B41FAD0}.Release|Any CPU.Build.0 = Release|Any CPU
	EndGlobalSection
	GlobalSection(MonoDevelopProperties) = preSolution
		Policies = $0
		$0.DotNetNamingPolicy = $1
		$1.DirectoryNamespaceAssociation = PrefixedHierarchical
		$0.TextStylePolicy = $2
		$2.FileWidth = 80
		$2.TabsToSpaces = True
		$2.scope = text/x-csharp
		$2.NoTabsAfterNonTabs = True
		$0.CSharpFormattingPolicy = $3
		$3.scope = text/x-csharp
	EndGlobalSection
EndGlobal
