Microsoft Visual Studio Solution File, Format Version 12.00
# Visual Studio Version 17
VisualStudioVersion = 17.0.31912.275
MinimumVisualStudioVersion = 10.0.40219.1
Project("{9A19103F-16F7-4668-BE54-9A1E7A4F7556}") = "AoCUtil", "AoCUtil\AoCUtil.csproj", "{6D84D8B2-F777-4B6F-A9DC-17AF98F2390B}"
EndProject
Project("{9A19103F-16F7-4668-BE54-9A1E7A4F7556}") = "2020_02", "2020\02\2020_02.csproj", "{EE530B62-81B4-4D5D-963E-38AAC29D73E5}"
EndProject
Project("{9A19103F-16F7-4668-BE54-9A1E7A4F7556}") = "2020_01", "2020\01\2020_01.csproj", "{D17EC6DB-D072-42C4-8534-5C75D1A96CB7}"
EndProject
Project("{9A19103F-16F7-4668-BE54-9A1E7A4F7556}") = "2020_03", "2020\03\2020_03.csproj", "{2ACF500F-D100-45EE-BCE1-A716B42D9FF9}"
EndProject
Project("{9A19103F-16F7-4668-BE54-9A1E7A4F7556}") = "2020_04", "2020\04\2020_04.csproj", "{9242B1C9-6852-426C-8813-993CFDF64B77}"
EndProject
Project("{9A19103F-16F7-4668-BE54-9A1E7A4F7556}") = "2019_10", "2019\10\2019_10.csproj", "{2F38B158-DEE1-4FB3-B050-CFC531F4251E}"
EndProject
Project("{9A19103F-16F7-4668-BE54-9A1E7A4F7556}") = "2019_11", "2019\11\2019_11.csproj", "{8B550C1D-2B3F-4D56-A656-E3C6E2F18864}"
EndProject
Project("{9A19103F-16F7-4668-BE54-9A1E7A4F7556}") = "2019_12", "2019\12\2019_12.csproj", "{61BB298D-930B-4BE2-A70C-B5CCF73F4383}"
EndProject
Project("{9A19103F-16F7-4668-BE54-9A1E7A4F7556}") = "2019_15", "2019\15\2019_15.csproj", "{9B8997A6-C24D-4821-B674-D947EB4EEFF7}"
EndProject
Project("{9A19103F-16F7-4668-BE54-9A1E7A4F7556}") = "2019_01", "2019\01\2019_01.csproj", "{064FC484-B5E3-413A-82AF-E1F8C7A6EDA2}"
EndProject
Project("{9A19103F-16F7-4668-BE54-9A1E7A4F7556}") = "2019_02", "2019\02\2019_02.csproj", "{C45AC45B-9BDC-4FB3-AB6A-326B7CD59B12}"
EndProject
Project("{9A19103F-16F7-4668-BE54-9A1E7A4F7556}") = "2019_03", "2019\03\2019_03.csproj", "{AEB2CF22-D5A0-445F-9C48-AE8B4293D774}"
EndProject
Project("{9A19103F-16F7-4668-BE54-9A1E7A4F7556}") = "2019_04", "2019\04\2019_04.csproj", "{18D50F3E-E4A1-485A-8274-AACDA6B2B9D6}"
EndProject
Project("{9A19103F-16F7-4668-BE54-9A1E7A4F7556}") = "2019_05", "2019\05\2019_05.csproj", "{0BB3254E-A5C0-4952-8DC6-3E67C16D35DF}"
EndProject
Project("{9A19103F-16F7-4668-BE54-9A1E7A4F7556}") = "2019_06", "2019\06\2019_06.csproj", "{6F0FE07B-F89C-48E3-885D-F53E2073C91A}"
EndProject
Project("{9A19103F-16F7-4668-BE54-9A1E7A4F7556}") = "2015_01", "2015\01\2015_01.csproj", "{1CFACC5E-AA1C-4DF2-8F60-2DF4BF0D9F1A}"
EndProject
Project("{9A19103F-16F7-4668-BE54-9A1E7A4F7556}") = "2015_02", "2015\02\2015_02.csproj", "{2B21C0A9-0E87-40F5-9A27-5607F3FB5988}"
EndProject
Project("{9A19103F-16F7-4668-BE54-9A1E7A4F7556}") = "2015_03", "2015\03\2015_03.csproj", "{4F3D93A6-D6FB-406B-A299-16E1F359EC6A}"
EndProject
Project("{9A19103F-16F7-4668-BE54-9A1E7A4F7556}") = "2015_04", "2015\04\2015_04.csproj", "{6479F957-AB96-47A0-9FB6-3019EFC4168B}"
EndProject
Project("{9A19103F-16F7-4668-BE54-9A1E7A4F7556}") = "2015_05", "2015\05\2015_05.csproj", "{E60815F9-E446-47E8-9F82-90AE80657A5A}"
EndProject
Project("{9A19103F-16F7-4668-BE54-9A1E7A4F7556}") = "2015_06", "2015\06\2015_06.csproj", "{E2777A1F-D98C-46EE-9031-9A68D4867F1C}"
EndProject
Project("{9A19103F-16F7-4668-BE54-9A1E7A4F7556}") = "2015_07", "2015\07\2015_07.csproj", "{5D7130F6-B970-4AC0-90D3-38407E66EB64}"
EndProject
Project("{9A19103F-16F7-4668-BE54-9A1E7A4F7556}") = "2015_18", "2015\18\2015_18.csproj", "{8DC28261-DD03-4440-87D3-298EE17EE01D}"
EndProject
Project("{9A19103F-16F7-4668-BE54-9A1E7A4F7556}") = "2015_19", "2015\19\2015_19.csproj", "{CE89CDCA-FCE8-409A-B577-09368948C45B}"
EndProject
Project("{9A19103F-16F7-4668-BE54-9A1E7A4F7556}") = "2019_07", "2019\07\2019_07.csproj", "{52711874-0969-4283-99C9-24D6FD4DD627}"
EndProject
Project("{9A19103F-16F7-4668-BE54-9A1E7A4F7556}") = "2019_08", "2019\08\2019_08.csproj", "{04427F6E-F703-4A73-A894-FE6644FCD408}"
EndProject
Project("{9A19103F-16F7-4668-BE54-9A1E7A4F7556}") = "2015_20", "2015\20\2015_20.csproj", "{DAC3C240-BF75-48E6-8CC0-55421C1141EA}"
EndProject
Project("{9A19103F-16F7-4668-BE54-9A1E7A4F7556}") = "2019_09", "2019\09\2019_09.csproj", "{3F567963-9D17-4DAB-882B-DF20822D725E}"
EndProject
Project("{9A19103F-16F7-4668-BE54-9A1E7A4F7556}") = "2015_22", "2015\22\2015_22.csproj", "{70EADAC4-5EE2-4EB3-BC65-1BA736E7053F}"
EndProject
Project("{9A19103F-16F7-4668-BE54-9A1E7A4F7556}") = "2015_21", "2015\21\2015_21.csproj", "{662702C5-87DC-44A0-BEAD-A5FD8A6B082F}"
EndProject
Project("{9A19103F-16F7-4668-BE54-9A1E7A4F7556}") = "2015_23", "2015\23\2015_23.csproj", "{1EFBD482-DD9A-4C98-9A32-2819D6029080}"
EndProject
Project("{9A19103F-16F7-4668-BE54-9A1E7A4F7556}") = "2015_24", "2015\24\2015_24.csproj", "{749BDCF6-21B1-4D4C-9779-76808F33348A}"
EndProject
Project("{9A19103F-16F7-4668-BE54-9A1E7A4F7556}") = "2015_25", "2015\25\2015_25.csproj", "{88E1572C-6C98-4ADA-97E9-93D769C2C643}"
EndProject
Project("{9A19103F-16F7-4668-BE54-9A1E7A4F7556}") = "2019_13", "2019\13\2019_13.csproj", "{7314676E-2B19-4A9E-9BC6-2BB8C3B660B1}"
EndProject
Project("{9A19103F-16F7-4668-BE54-9A1E7A4F7556}") = "2019_14", "2019\14\2019_14.csproj", "{4BB3DD14-5522-43A7-AF5E-004070012A9C}"
EndProject
Project("{9A19103F-16F7-4668-BE54-9A1E7A4F7556}") = "2020_05", "2020\05\2020_05.csproj", "{7DD6F62D-E83B-4266-A5E1-9C7F9DEFF9AF}"
EndProject
Project("{9A19103F-16F7-4668-BE54-9A1E7A4F7556}") = "2020_06", "2020\06\2020_06.csproj", "{32704B25-CD56-4B44-9F02-C33BB8CE3904}"
EndProject
Project("{9A19103F-16F7-4668-BE54-9A1E7A4F7556}") = "2020_07", "2020\07\2020_07.csproj", "{0074A97E-D23B-4B3E-A92F-024A5079A36A}"
EndProject
Project("{9A19103F-16F7-4668-BE54-9A1E7A4F7556}") = "2020_08", "2020\08\2020_08.csproj", "{AC7606AA-40AB-4254-BA88-E1E433615C1B}"
EndProject
Project("{9A19103F-16F7-4668-BE54-9A1E7A4F7556}") = "2021_01", "2021\01\2021_01.csproj", "{9C06702C-23B2-481E-A9A7-39C55A2D3E5E}"
EndProject
Project("{9A19103F-16F7-4668-BE54-9A1E7A4F7556}") = "2021_02", "2021\02\2021_02.csproj", "{A4890D63-6D9A-436F-8896-B2122B082F1A}"
EndProject
Project("{9A19103F-16F7-4668-BE54-9A1E7A4F7556}") = "2021_03", "2021\03\2021_03.csproj", "{916523C2-2DFF-4A5C-9AC2-7A2FDD690BE8}"
EndProject
Project("{9A19103F-16F7-4668-BE54-9A1E7A4F7556}") = "2021_04", "2021\04\2021_04.csproj", "{342B255C-56FE-4BE3-9B7C-C25CE982F122}"
EndProject
Project("{9A19103F-16F7-4668-BE54-9A1E7A4F7556}") = "2021_05", "2021\05\2021_05.csproj", "{3760BE2C-8939-44C9-90AE-DE877E69C8C1}"
EndProject
Project("{9A19103F-16F7-4668-BE54-9A1E7A4F7556}") = "2021_06", "2021\06\2021_06.csproj", "{7F6D91B3-B387-46DE-960B-10F07A2F10C9}"
EndProject
Project("{9A19103F-16F7-4668-BE54-9A1E7A4F7556}") = "2021_07", "2021\07\2021_07.csproj", "{36CAF72C-BEA5-41F3-B70A-6252D3CF4ECF}"
EndProject
Project("{2150E333-8FDC-42A3-9474-1A3956D46DE8}") = "2015", "2015", "{7354350D-27E1-46CC-B23C-640A214C69B7}"
EndProject
Project("{2150E333-8FDC-42A3-9474-1A3956D46DE8}") = "2019", "2019", "{77FF1C0E-6F29-4890-B548-6E011FB090B8}"
EndProject
Project("{2150E333-8FDC-42A3-9474-1A3956D46DE8}") = "2020", "2020", "{BBF91E32-1706-41A9-9A7F-74A9CF8AF92B}"
EndProject
Project("{2150E333-8FDC-42A3-9474-1A3956D46DE8}") = "2021", "2021", "{45F346C1-38D6-4791-ABBD-DF5D5EA5C463}"
EndProject
Project("{9A19103F-16F7-4668-BE54-9A1E7A4F7556}") = "2021_08", "2021\08\2021_08.csproj", "{C9EC5912-A6E6-402B-BD79-BDDFB74E140E}"
EndProject
Project("{9A19103F-16F7-4668-BE54-9A1E7A4F7556}") = "2021_09", "2021\09\2021_09.csproj", "{0326BFD2-7BD5-4A76-9ACE-C08C76905D81}"
EndProject
Project("{9A19103F-16F7-4668-BE54-9A1E7A4F7556}") = "2021_10", "2021\10\2021_10.csproj", "{EE511F84-1F0D-4226-B62C-BB6147D2B8A4}"
EndProject
Project("{9A19103F-16F7-4668-BE54-9A1E7A4F7556}") = "2021_11", "2021\11\2021_11.csproj", "{7DD6C6C7-8804-4BB1-A603-1BA4D4A96A04}"
EndProject
Project("{9A19103F-16F7-4668-BE54-9A1E7A4F7556}") = "2021_12", "2021\12\2021_12.csproj", "{204A65FF-59B0-4B38-8BAB-F44972A5C60D}"
EndProject
Project("{9A19103F-16F7-4668-BE54-9A1E7A4F7556}") = "2021_13", "2021\13\2021_13.csproj", "{4F5AF3F4-A3FD-44AD-B735-AB8DE24EA2EA}"
EndProject
Project("{9A19103F-16F7-4668-BE54-9A1E7A4F7556}") = "2021_14", "2021\14\2021_14.csproj", "{2BF931FF-F6F1-45F7-A3F9-7D83B0B56EAE}"
EndProject
Project("{9A19103F-16F7-4668-BE54-9A1E7A4F7556}") = "2021_15", "2021\15\2021_15.csproj", "{2D2806D9-AF36-4726-B72F-0B7FE506D515}"
EndProject
Project("{9A19103F-16F7-4668-BE54-9A1E7A4F7556}") = "2021_18", "2021\18\2021_18.csproj", "{00CCCEC4-5DE9-4A87-B0C8-7D1CDD3553A2}"
EndProject
Project("{9A19103F-16F7-4668-BE54-9A1E7A4F7556}") = "2021_19", "2021\19\2021_19.csproj", "{6AAF431A-6E7B-4FB5-9BE8-11223DD8B87B}"
EndProject
Project("{9A19103F-16F7-4668-BE54-9A1E7A4F7556}") = "2021_16", "2021\16\2021_16.csproj", "{D2AAA0F4-359F-4C92-A915-AA60CFAF1757}"
EndProject
Project("{9A19103F-16F7-4668-BE54-9A1E7A4F7556}") = "2021_17", "2021\17\2021_17.csproj", "{906BE7A0-7ACA-4057-990A-BEB3B57A088E}"
EndProject
Project("{9A19103F-16F7-4668-BE54-9A1E7A4F7556}") = "2021_20", "2021\20\2021_20.csproj", "{548AEE44-0A20-40B7-B408-0FC4A6E3E03F}"
EndProject
Project("{9A19103F-16F7-4668-BE54-9A1E7A4F7556}") = "2021_21", "2021\21\2021_21.csproj", "{4E1410E5-570F-45F8-9B7F-FAFBC6D57B4C}"
EndProject
Project("{9A19103F-16F7-4668-BE54-9A1E7A4F7556}") = "2021_22", "2021\22\2021_22.csproj", "{A4041989-EDE8-4968-BE1E-6E487F2F158F}"
EndProject
Project("{9A19103F-16F7-4668-BE54-9A1E7A4F7556}") = "2021_24", "2021\24\2021_24.csproj", "{B2E1842C-224C-4538-ADD4-BC87C503FDFB}"
EndProject
Project("{9A19103F-16F7-4668-BE54-9A1E7A4F7556}") = "2021_25", "2021\25\2021_25.csproj", "{3A44A5FA-B689-489F-A590-1B7D622F1B31}"
EndProject
Project("{9A19103F-16F7-4668-BE54-9A1E7A4F7556}") = "2022_01", "2022\1\2022_01.csproj", "{A5971E96-41C2-47EA-B79F-2F9D6F3BE045}"
EndProject
Project("{2150E333-8FDC-42A3-9474-1A3956D46DE8}") = "2022", "2022", "{E6108BD8-0C19-47F0-980A-30FE82C38D88}"
EndProject
Project("{9A19103F-16F7-4668-BE54-9A1E7A4F7556}") = "2022_02", "2022\2\2022_02.csproj", "{F5FEFCCB-11EB-4C7B-B729-DFBF56143645}"
EndProject
Project("{9A19103F-16F7-4668-BE54-9A1E7A4F7556}") = "2022_03", "2022\3\2022_03.csproj", "{4E48754F-822D-47D3-9773-1843B83CE350}"
EndProject
Project("{9A19103F-16F7-4668-BE54-9A1E7A4F7556}") = "2022_04", "2022\4\2022_04.csproj", "{A59830DD-2121-41E1-AD0A-8B3BBCB0E5EC}"
EndProject
Project("{9A19103F-16F7-4668-BE54-9A1E7A4F7556}") = "2022_05", "2022\5\2022_05.csproj", "{A72B0CFC-4443-4887-A0A0-009AF2696188}"
EndProject
Project("{9A19103F-16F7-4668-BE54-9A1E7A4F7556}") = "2022_06", "2022\6\2022_06.csproj", "{91C50A8A-BC98-40F8-A3FC-8C87C5A1C8A1}"
EndProject
Project("{9A19103F-16F7-4668-BE54-9A1E7A4F7556}") = "2022_07", "2022\7\2022_07.csproj", "{29E61E8E-76A6-4F34-BD72-6FF654F51DE6}"
EndProject
Project("{9A19103F-16F7-4668-BE54-9A1E7A4F7556}") = "2022_08", "2022\8\2022_08.csproj", "{B0531235-68B5-405D-A071-090AAFA0482F}"
EndProject
Project("{9A19103F-16F7-4668-BE54-9A1E7A4F7556}") = "2022_09", "2022\9\2022_09.csproj", "{55D62B65-07B2-497D-A425-C9017CC01BDC}"
EndProject
Project("{9A19103F-16F7-4668-BE54-9A1E7A4F7556}") = "2022_10", "2022\10\2022_10.csproj", "{7FA78CCA-3CEF-426E-AE66-4C7DD8EE7587}"
EndProject
Project("{9A19103F-16F7-4668-BE54-9A1E7A4F7556}") = "2022_11", "2022\11\2022_11.csproj", "{B6EBBC23-A6F8-495A-98D9-204CD20167FE}"
EndProject
Project("{9A19103F-16F7-4668-BE54-9A1E7A4F7556}") = "2022_12", "2022\12\2022_12.csproj", "{A8706B9D-BA16-4AE4-811F-57AC0315A841}"
EndProject
Project("{9A19103F-16F7-4668-BE54-9A1E7A4F7556}") = "2022_13", "2022\13\2022_13.csproj", "{9FFC6061-B6A7-4E2E-9718-9A2651E225A0}"
EndProject
Project("{9A19103F-16F7-4668-BE54-9A1E7A4F7556}") = "2022_14", "2022\14\2022_14.csproj", "{C1B6D9F6-818B-4C8E-9E74-665BB9E010E1}"
EndProject
Project("{9A19103F-16F7-4668-BE54-9A1E7A4F7556}") = "2022_15", "2022\15\2022_15.csproj", "{DE38599F-6F93-4B0D-9FA0-D61E6D4FDC7B}"
EndProject
Project("{9A19103F-16F7-4668-BE54-9A1E7A4F7556}") = "2022_16", "2022\16\2022_16.csproj", "{AC3AA96D-D65A-455F-8E00-62075F47D402}"
EndProject
Project("{9A19103F-16F7-4668-BE54-9A1E7A4F7556}") = "2022_17", "2022\17\2022_17.csproj", "{E359B32E-CE38-4C82-8AA0-61859154C90B}"
EndProject
Project("{9A19103F-16F7-4668-BE54-9A1E7A4F7556}") = "2022_18", "2022\18\2022_18.csproj", "{3E509000-5283-4F06-A197-2124560FF5AA}"
EndProject
Project("{9A19103F-16F7-4668-BE54-9A1E7A4F7556}") = "2022_19", "2022\19\2022_19.csproj", "{E60C8120-63A3-4F3F-8106-B1F30139CBA6}"
EndProject
Project("{9A19103F-16F7-4668-BE54-9A1E7A4F7556}") = "2022_20", "2022\20\2022_20.csproj", "{5D3BF49E-987B-4BD9-8C82-45AA3C5875D8}"
EndProject
Project("{9A19103F-16F7-4668-BE54-9A1E7A4F7556}") = "2022_21", "2022\21\2022_21.csproj", "{5790C00C-CE26-4F4E-BD7C-1B2580C51E5D}"
EndProject
Project("{9A19103F-16F7-4668-BE54-9A1E7A4F7556}") = "2022_22", "2022\22\2022_22.csproj", "{5FCC3A4D-FB1F-40C8-BFBD-C7126F2AA042}"
EndProject
Project("{9A19103F-16F7-4668-BE54-9A1E7A4F7556}") = "2022_23", "2022\23\2022_23.csproj", "{BA8D86C4-C2B7-4BED-A6E8-EA081DA9EFA6}"
EndProject
Project("{9A19103F-16F7-4668-BE54-9A1E7A4F7556}") = "2022_24", "2022\24\2022_24.csproj", "{B08FE121-CF7B-4FA4-AF9F-311E8EE95E42}"
EndProject
Project("{9A19103F-16F7-4668-BE54-9A1E7A4F7556}") = "2022_25", "2022\25\2022_25.csproj", "{2833446E-2BEC-40A3-9D4B-FDC2DE8BFF60}"
EndProject
Project("{2150E333-8FDC-42A3-9474-1A3956D46DE8}") = "2023", "2023", "{2077AF7D-B793-4268-B94B-31032031E548}"
EndProject
Project("{9A19103F-16F7-4668-BE54-9A1E7A4F7556}") = "2023_01", "2023\1\2023_01.csproj", "{92B3DE6A-4E4A-4628-A07C-B05A3384A1E6}"
EndProject
Project("{9A19103F-16F7-4668-BE54-9A1E7A4F7556}") = "2023_09", "2023\9\2023_09.csproj", "{83C55E5B-D2DD-48DE-86E2-1C55CF6030E2}"
EndProject
Project("{9A19103F-16F7-4668-BE54-9A1E7A4F7556}") = "2023_08", "2023\8\2023_08.csproj", "{5768E30C-D6BB-4A8A-B90B-7DE5E3D4B20D}"
EndProject
Project("{9A19103F-16F7-4668-BE54-9A1E7A4F7556}") = "2023_07", "2023\7\2023_07.csproj", "{C0E9E749-6F34-4876-AD36-1F78755973BB}"
EndProject
Project("{9A19103F-16F7-4668-BE54-9A1E7A4F7556}") = "2023_06", "2023\6\2023_06.csproj", "{8841D513-E4CB-4504-86F8-D12A103F8F89}"
EndProject
Project("{9A19103F-16F7-4668-BE54-9A1E7A4F7556}") = "2023_05", "2023\5\2023_05.csproj", "{C81C0DF4-5E7D-4452-A599-BCF5EDE12BDB}"
EndProject
Project("{9A19103F-16F7-4668-BE54-9A1E7A4F7556}") = "2023_04", "2023\4\2023_04.csproj", "{774684EF-7DA3-4F04-99A1-E9585539E910}"
EndProject
Project("{9A19103F-16F7-4668-BE54-9A1E7A4F7556}") = "2023_03", "2023\3\2023_03.csproj", "{58B1A894-7A69-4D75-AB9B-AD193CE28BC0}"
EndProject
Project("{9A19103F-16F7-4668-BE54-9A1E7A4F7556}") = "2023_25", "2023\25\2023_25.csproj", "{F5507419-AB35-4623-B890-4399768E06C3}"
EndProject
Project("{9A19103F-16F7-4668-BE54-9A1E7A4F7556}") = "2023_24", "2023\24\2023_24.csproj", "{8309EA55-55D8-4881-A78D-BD8F11C9CE7F}"
EndProject
Project("{9A19103F-16F7-4668-BE54-9A1E7A4F7556}") = "2023_23", "2023\23\2023_23.csproj", "{AA0B3120-E6DB-44F4-A4CF-2E1A8D40537E}"
EndProject
Project("{9A19103F-16F7-4668-BE54-9A1E7A4F7556}") = "2023_22", "2023\22\2023_22.csproj", "{7C958201-A276-4A39-AF0F-1340170A1EFB}"
EndProject
Project("{9A19103F-16F7-4668-BE54-9A1E7A4F7556}") = "2023_21", "2023\21\2023_21.csproj", "{F98EBD0D-B4B0-454B-87DC-7EF2EB49ED0E}"
EndProject
Project("{9A19103F-16F7-4668-BE54-9A1E7A4F7556}") = "2023_20", "2023\20\2023_20.csproj", "{C7FF7327-F114-4AB9-85C7-377E992976C7}"
EndProject
Project("{9A19103F-16F7-4668-BE54-9A1E7A4F7556}") = "2023_02", "2023\2\2023_02.csproj", "{D9574F6F-E582-49B3-8507-BF3F57F72E8F}"
EndProject
Project("{9A19103F-16F7-4668-BE54-9A1E7A4F7556}") = "2023_19", "2023\19\2023_19.csproj", "{B8FE58DE-BE5C-42F8-87BC-567F5E72409E}"
EndProject
Project("{9A19103F-16F7-4668-BE54-9A1E7A4F7556}") = "2023_18", "2023\18\2023_18.csproj", "{3F0B5661-DAFB-43DE-AEC3-80210FAB7F68}"
EndProject
Project("{9A19103F-16F7-4668-BE54-9A1E7A4F7556}") = "2023_17", "2023\17\2023_17.csproj", "{059CB19A-CDFE-4AF6-8A3D-1055ACDD641E}"
EndProject
Project("{9A19103F-16F7-4668-BE54-9A1E7A4F7556}") = "2023_16", "2023\16\2023_16.csproj", "{C9760356-FA0F-4FDF-B911-096B72A345C9}"
EndProject
Project("{9A19103F-16F7-4668-BE54-9A1E7A4F7556}") = "2023_15", "2023\15\2023_15.csproj", "{AA04571F-3792-4F3A-93EE-787964A8E965}"
EndProject
Project("{9A19103F-16F7-4668-BE54-9A1E7A4F7556}") = "2023_14", "2023\14\2023_14.csproj", "{9DF5C208-82A5-49AE-9C43-049CC964979D}"
EndProject
Project("{9A19103F-16F7-4668-BE54-9A1E7A4F7556}") = "2023_13", "2023\13\2023_13.csproj", "{09E52B1C-930F-4DF1-B2EA-44B20FEE8812}"
EndProject
Project("{9A19103F-16F7-4668-BE54-9A1E7A4F7556}") = "2023_12", "2023\12\2023_12.csproj", "{E4FE0AB8-DFEC-49EE-A7B6-E365F6E4997D}"
EndProject
Project("{9A19103F-16F7-4668-BE54-9A1E7A4F7556}") = "2023_11", "2023\11\2023_11.csproj", "{599466CC-1996-410A-B95A-026E1674D680}"
EndProject
Project("{9A19103F-16F7-4668-BE54-9A1E7A4F7556}") = "2023_10", "2023\10\2023_10.csproj", "{563429EA-18C9-4741-AA57-49FA717AA6B8}"
EndProject
Global
	GlobalSection(SolutionConfigurationPlatforms) = preSolution
		Debug|Any CPU = Debug|Any CPU
		Release|Any CPU = Release|Any CPU
	EndGlobalSection
	GlobalSection(ProjectConfigurationPlatforms) = postSolution
		{6D84D8B2-F777-4B6F-A9DC-17AF98F2390B}.Debug|Any CPU.ActiveCfg = Debug|Any CPU
		{6D84D8B2-F777-4B6F-A9DC-17AF98F2390B}.Debug|Any CPU.Build.0 = Debug|Any CPU
		{6D84D8B2-F777-4B6F-A9DC-17AF98F2390B}.Release|Any CPU.ActiveCfg = Release|Any CPU
		{6D84D8B2-F777-4B6F-A9DC-17AF98F2390B}.Release|Any CPU.Build.0 = Release|Any CPU
		{EE530B62-81B4-4D5D-963E-38AAC29D73E5}.Debug|Any CPU.ActiveCfg = Debug|Any CPU
		{EE530B62-81B4-4D5D-963E-38AAC29D73E5}.Debug|Any CPU.Build.0 = Debug|Any CPU
		{EE530B62-81B4-4D5D-963E-38AAC29D73E5}.Release|Any CPU.ActiveCfg = Release|Any CPU
		{EE530B62-81B4-4D5D-963E-38AAC29D73E5}.Release|Any CPU.Build.0 = Release|Any CPU
		{D17EC6DB-D072-42C4-8534-5C75D1A96CB7}.Debug|Any CPU.ActiveCfg = Debug|Any CPU
		{D17EC6DB-D072-42C4-8534-5C75D1A96CB7}.Debug|Any CPU.Build.0 = Debug|Any CPU
		{D17EC6DB-D072-42C4-8534-5C75D1A96CB7}.Release|Any CPU.ActiveCfg = Release|Any CPU
		{D17EC6DB-D072-42C4-8534-5C75D1A96CB7}.Release|Any CPU.Build.0 = Release|Any CPU
		{2ACF500F-D100-45EE-BCE1-A716B42D9FF9}.Debug|Any CPU.ActiveCfg = Debug|Any CPU
		{2ACF500F-D100-45EE-BCE1-A716B42D9FF9}.Debug|Any CPU.Build.0 = Debug|Any CPU
		{2ACF500F-D100-45EE-BCE1-A716B42D9FF9}.Release|Any CPU.ActiveCfg = Release|Any CPU
		{2ACF500F-D100-45EE-BCE1-A716B42D9FF9}.Release|Any CPU.Build.0 = Release|Any CPU
		{9242B1C9-6852-426C-8813-993CFDF64B77}.Debug|Any CPU.ActiveCfg = Debug|Any CPU
		{9242B1C9-6852-426C-8813-993CFDF64B77}.Debug|Any CPU.Build.0 = Debug|Any CPU
		{9242B1C9-6852-426C-8813-993CFDF64B77}.Release|Any CPU.ActiveCfg = Release|Any CPU
		{9242B1C9-6852-426C-8813-993CFDF64B77}.Release|Any CPU.Build.0 = Release|Any CPU
		{2F38B158-DEE1-4FB3-B050-CFC531F4251E}.Debug|Any CPU.ActiveCfg = Debug|Any CPU
		{2F38B158-DEE1-4FB3-B050-CFC531F4251E}.Debug|Any CPU.Build.0 = Debug|Any CPU
		{2F38B158-DEE1-4FB3-B050-CFC531F4251E}.Release|Any CPU.ActiveCfg = Release|Any CPU
		{2F38B158-DEE1-4FB3-B050-CFC531F4251E}.Release|Any CPU.Build.0 = Release|Any CPU
		{8B550C1D-2B3F-4D56-A656-E3C6E2F18864}.Debug|Any CPU.ActiveCfg = Debug|Any CPU
		{8B550C1D-2B3F-4D56-A656-E3C6E2F18864}.Debug|Any CPU.Build.0 = Debug|Any CPU
		{8B550C1D-2B3F-4D56-A656-E3C6E2F18864}.Release|Any CPU.ActiveCfg = Release|Any CPU
		{8B550C1D-2B3F-4D56-A656-E3C6E2F18864}.Release|Any CPU.Build.0 = Release|Any CPU
		{61BB298D-930B-4BE2-A70C-B5CCF73F4383}.Debug|Any CPU.ActiveCfg = Debug|Any CPU
		{61BB298D-930B-4BE2-A70C-B5CCF73F4383}.Debug|Any CPU.Build.0 = Debug|Any CPU
		{61BB298D-930B-4BE2-A70C-B5CCF73F4383}.Release|Any CPU.ActiveCfg = Release|Any CPU
		{61BB298D-930B-4BE2-A70C-B5CCF73F4383}.Release|Any CPU.Build.0 = Release|Any CPU
		{9B8997A6-C24D-4821-B674-D947EB4EEFF7}.Debug|Any CPU.ActiveCfg = Debug|Any CPU
		{9B8997A6-C24D-4821-B674-D947EB4EEFF7}.Debug|Any CPU.Build.0 = Debug|Any CPU
		{9B8997A6-C24D-4821-B674-D947EB4EEFF7}.Release|Any CPU.ActiveCfg = Release|Any CPU
		{9B8997A6-C24D-4821-B674-D947EB4EEFF7}.Release|Any CPU.Build.0 = Release|Any CPU
		{064FC484-B5E3-413A-82AF-E1F8C7A6EDA2}.Debug|Any CPU.ActiveCfg = Debug|Any CPU
		{064FC484-B5E3-413A-82AF-E1F8C7A6EDA2}.Debug|Any CPU.Build.0 = Debug|Any CPU
		{064FC484-B5E3-413A-82AF-E1F8C7A6EDA2}.Release|Any CPU.ActiveCfg = Release|Any CPU
		{064FC484-B5E3-413A-82AF-E1F8C7A6EDA2}.Release|Any CPU.Build.0 = Release|Any CPU
		{C45AC45B-9BDC-4FB3-AB6A-326B7CD59B12}.Debug|Any CPU.ActiveCfg = Debug|Any CPU
		{C45AC45B-9BDC-4FB3-AB6A-326B7CD59B12}.Debug|Any CPU.Build.0 = Debug|Any CPU
		{C45AC45B-9BDC-4FB3-AB6A-326B7CD59B12}.Release|Any CPU.ActiveCfg = Release|Any CPU
		{C45AC45B-9BDC-4FB3-AB6A-326B7CD59B12}.Release|Any CPU.Build.0 = Release|Any CPU
		{AEB2CF22-D5A0-445F-9C48-AE8B4293D774}.Debug|Any CPU.ActiveCfg = Debug|Any CPU
		{AEB2CF22-D5A0-445F-9C48-AE8B4293D774}.Debug|Any CPU.Build.0 = Debug|Any CPU
		{AEB2CF22-D5A0-445F-9C48-AE8B4293D774}.Release|Any CPU.ActiveCfg = Release|Any CPU
		{AEB2CF22-D5A0-445F-9C48-AE8B4293D774}.Release|Any CPU.Build.0 = Release|Any CPU
		{18D50F3E-E4A1-485A-8274-AACDA6B2B9D6}.Debug|Any CPU.ActiveCfg = Debug|Any CPU
		{18D50F3E-E4A1-485A-8274-AACDA6B2B9D6}.Debug|Any CPU.Build.0 = Debug|Any CPU
		{18D50F3E-E4A1-485A-8274-AACDA6B2B9D6}.Release|Any CPU.ActiveCfg = Release|Any CPU
		{18D50F3E-E4A1-485A-8274-AACDA6B2B9D6}.Release|Any CPU.Build.0 = Release|Any CPU
		{0BB3254E-A5C0-4952-8DC6-3E67C16D35DF}.Debug|Any CPU.ActiveCfg = Debug|Any CPU
		{0BB3254E-A5C0-4952-8DC6-3E67C16D35DF}.Debug|Any CPU.Build.0 = Debug|Any CPU
		{0BB3254E-A5C0-4952-8DC6-3E67C16D35DF}.Release|Any CPU.ActiveCfg = Release|Any CPU
		{0BB3254E-A5C0-4952-8DC6-3E67C16D35DF}.Release|Any CPU.Build.0 = Release|Any CPU
		{6F0FE07B-F89C-48E3-885D-F53E2073C91A}.Debug|Any CPU.ActiveCfg = Debug|Any CPU
		{6F0FE07B-F89C-48E3-885D-F53E2073C91A}.Debug|Any CPU.Build.0 = Debug|Any CPU
		{6F0FE07B-F89C-48E3-885D-F53E2073C91A}.Release|Any CPU.ActiveCfg = Release|Any CPU
		{6F0FE07B-F89C-48E3-885D-F53E2073C91A}.Release|Any CPU.Build.0 = Release|Any CPU
		{1CFACC5E-AA1C-4DF2-8F60-2DF4BF0D9F1A}.Debug|Any CPU.ActiveCfg = Debug|Any CPU
		{1CFACC5E-AA1C-4DF2-8F60-2DF4BF0D9F1A}.Debug|Any CPU.Build.0 = Debug|Any CPU
		{1CFACC5E-AA1C-4DF2-8F60-2DF4BF0D9F1A}.Release|Any CPU.ActiveCfg = Release|Any CPU
		{1CFACC5E-AA1C-4DF2-8F60-2DF4BF0D9F1A}.Release|Any CPU.Build.0 = Release|Any CPU
		{2B21C0A9-0E87-40F5-9A27-5607F3FB5988}.Debug|Any CPU.ActiveCfg = Debug|Any CPU
		{2B21C0A9-0E87-40F5-9A27-5607F3FB5988}.Debug|Any CPU.Build.0 = Debug|Any CPU
		{2B21C0A9-0E87-40F5-9A27-5607F3FB5988}.Release|Any CPU.ActiveCfg = Release|Any CPU
		{2B21C0A9-0E87-40F5-9A27-5607F3FB5988}.Release|Any CPU.Build.0 = Release|Any CPU
		{4F3D93A6-D6FB-406B-A299-16E1F359EC6A}.Debug|Any CPU.ActiveCfg = Debug|Any CPU
		{4F3D93A6-D6FB-406B-A299-16E1F359EC6A}.Debug|Any CPU.Build.0 = Debug|Any CPU
		{4F3D93A6-D6FB-406B-A299-16E1F359EC6A}.Release|Any CPU.ActiveCfg = Release|Any CPU
		{4F3D93A6-D6FB-406B-A299-16E1F359EC6A}.Release|Any CPU.Build.0 = Release|Any CPU
		{6479F957-AB96-47A0-9FB6-3019EFC4168B}.Debug|Any CPU.ActiveCfg = Debug|Any CPU
		{6479F957-AB96-47A0-9FB6-3019EFC4168B}.Debug|Any CPU.Build.0 = Debug|Any CPU
		{6479F957-AB96-47A0-9FB6-3019EFC4168B}.Release|Any CPU.ActiveCfg = Release|Any CPU
		{6479F957-AB96-47A0-9FB6-3019EFC4168B}.Release|Any CPU.Build.0 = Release|Any CPU
		{E60815F9-E446-47E8-9F82-90AE80657A5A}.Debug|Any CPU.ActiveCfg = Debug|Any CPU
		{E60815F9-E446-47E8-9F82-90AE80657A5A}.Debug|Any CPU.Build.0 = Debug|Any CPU
		{E60815F9-E446-47E8-9F82-90AE80657A5A}.Release|Any CPU.ActiveCfg = Release|Any CPU
		{E60815F9-E446-47E8-9F82-90AE80657A5A}.Release|Any CPU.Build.0 = Release|Any CPU
		{E2777A1F-D98C-46EE-9031-9A68D4867F1C}.Debug|Any CPU.ActiveCfg = Debug|Any CPU
		{E2777A1F-D98C-46EE-9031-9A68D4867F1C}.Debug|Any CPU.Build.0 = Debug|Any CPU
		{E2777A1F-D98C-46EE-9031-9A68D4867F1C}.Release|Any CPU.ActiveCfg = Release|Any CPU
		{E2777A1F-D98C-46EE-9031-9A68D4867F1C}.Release|Any CPU.Build.0 = Release|Any CPU
		{5D7130F6-B970-4AC0-90D3-38407E66EB64}.Debug|Any CPU.ActiveCfg = Debug|Any CPU
		{5D7130F6-B970-4AC0-90D3-38407E66EB64}.Debug|Any CPU.Build.0 = Debug|Any CPU
		{5D7130F6-B970-4AC0-90D3-38407E66EB64}.Release|Any CPU.ActiveCfg = Release|Any CPU
		{5D7130F6-B970-4AC0-90D3-38407E66EB64}.Release|Any CPU.Build.0 = Release|Any CPU
		{8DC28261-DD03-4440-87D3-298EE17EE01D}.Debug|Any CPU.ActiveCfg = Debug|Any CPU
		{8DC28261-DD03-4440-87D3-298EE17EE01D}.Debug|Any CPU.Build.0 = Debug|Any CPU
		{8DC28261-DD03-4440-87D3-298EE17EE01D}.Release|Any CPU.ActiveCfg = Release|Any CPU
		{8DC28261-DD03-4440-87D3-298EE17EE01D}.Release|Any CPU.Build.0 = Release|Any CPU
		{CE89CDCA-FCE8-409A-B577-09368948C45B}.Debug|Any CPU.ActiveCfg = Debug|Any CPU
		{CE89CDCA-FCE8-409A-B577-09368948C45B}.Debug|Any CPU.Build.0 = Debug|Any CPU
		{CE89CDCA-FCE8-409A-B577-09368948C45B}.Release|Any CPU.ActiveCfg = Release|Any CPU
		{CE89CDCA-FCE8-409A-B577-09368948C45B}.Release|Any CPU.Build.0 = Release|Any CPU
		{52711874-0969-4283-99C9-24D6FD4DD627}.Debug|Any CPU.ActiveCfg = Debug|Any CPU
		{52711874-0969-4283-99C9-24D6FD4DD627}.Debug|Any CPU.Build.0 = Debug|Any CPU
		{52711874-0969-4283-99C9-24D6FD4DD627}.Release|Any CPU.ActiveCfg = Release|Any CPU
		{52711874-0969-4283-99C9-24D6FD4DD627}.Release|Any CPU.Build.0 = Release|Any CPU
		{04427F6E-F703-4A73-A894-FE6644FCD408}.Debug|Any CPU.ActiveCfg = Debug|Any CPU
		{04427F6E-F703-4A73-A894-FE6644FCD408}.Debug|Any CPU.Build.0 = Debug|Any CPU
		{04427F6E-F703-4A73-A894-FE6644FCD408}.Release|Any CPU.ActiveCfg = Release|Any CPU
		{04427F6E-F703-4A73-A894-FE6644FCD408}.Release|Any CPU.Build.0 = Release|Any CPU
		{DAC3C240-BF75-48E6-8CC0-55421C1141EA}.Debug|Any CPU.ActiveCfg = Debug|Any CPU
		{DAC3C240-BF75-48E6-8CC0-55421C1141EA}.Debug|Any CPU.Build.0 = Debug|Any CPU
		{DAC3C240-BF75-48E6-8CC0-55421C1141EA}.Release|Any CPU.ActiveCfg = Release|Any CPU
		{DAC3C240-BF75-48E6-8CC0-55421C1141EA}.Release|Any CPU.Build.0 = Release|Any CPU
		{3F567963-9D17-4DAB-882B-DF20822D725E}.Debug|Any CPU.ActiveCfg = Debug|Any CPU
		{3F567963-9D17-4DAB-882B-DF20822D725E}.Debug|Any CPU.Build.0 = Debug|Any CPU
		{3F567963-9D17-4DAB-882B-DF20822D725E}.Release|Any CPU.ActiveCfg = Release|Any CPU
		{3F567963-9D17-4DAB-882B-DF20822D725E}.Release|Any CPU.Build.0 = Release|Any CPU
		{70EADAC4-5EE2-4EB3-BC65-1BA736E7053F}.Debug|Any CPU.ActiveCfg = Debug|Any CPU
		{70EADAC4-5EE2-4EB3-BC65-1BA736E7053F}.Debug|Any CPU.Build.0 = Debug|Any CPU
		{70EADAC4-5EE2-4EB3-BC65-1BA736E7053F}.Release|Any CPU.ActiveCfg = Release|Any CPU
		{70EADAC4-5EE2-4EB3-BC65-1BA736E7053F}.Release|Any CPU.Build.0 = Release|Any CPU
		{662702C5-87DC-44A0-BEAD-A5FD8A6B082F}.Debug|Any CPU.ActiveCfg = Debug|Any CPU
		{662702C5-87DC-44A0-BEAD-A5FD8A6B082F}.Debug|Any CPU.Build.0 = Debug|Any CPU
		{662702C5-87DC-44A0-BEAD-A5FD8A6B082F}.Release|Any CPU.ActiveCfg = Release|Any CPU
		{662702C5-87DC-44A0-BEAD-A5FD8A6B082F}.Release|Any CPU.Build.0 = Release|Any CPU
		{1EFBD482-DD9A-4C98-9A32-2819D6029080}.Debug|Any CPU.ActiveCfg = Debug|Any CPU
		{1EFBD482-DD9A-4C98-9A32-2819D6029080}.Debug|Any CPU.Build.0 = Debug|Any CPU
		{1EFBD482-DD9A-4C98-9A32-2819D6029080}.Release|Any CPU.ActiveCfg = Release|Any CPU
		{1EFBD482-DD9A-4C98-9A32-2819D6029080}.Release|Any CPU.Build.0 = Release|Any CPU
		{749BDCF6-21B1-4D4C-9779-76808F33348A}.Debug|Any CPU.ActiveCfg = Debug|Any CPU
		{749BDCF6-21B1-4D4C-9779-76808F33348A}.Debug|Any CPU.Build.0 = Debug|Any CPU
		{749BDCF6-21B1-4D4C-9779-76808F33348A}.Release|Any CPU.ActiveCfg = Release|Any CPU
		{749BDCF6-21B1-4D4C-9779-76808F33348A}.Release|Any CPU.Build.0 = Release|Any CPU
		{88E1572C-6C98-4ADA-97E9-93D769C2C643}.Debug|Any CPU.ActiveCfg = Debug|Any CPU
		{88E1572C-6C98-4ADA-97E9-93D769C2C643}.Debug|Any CPU.Build.0 = Debug|Any CPU
		{88E1572C-6C98-4ADA-97E9-93D769C2C643}.Release|Any CPU.ActiveCfg = Release|Any CPU
		{88E1572C-6C98-4ADA-97E9-93D769C2C643}.Release|Any CPU.Build.0 = Release|Any CPU
		{7314676E-2B19-4A9E-9BC6-2BB8C3B660B1}.Debug|Any CPU.ActiveCfg = Debug|Any CPU
		{7314676E-2B19-4A9E-9BC6-2BB8C3B660B1}.Debug|Any CPU.Build.0 = Debug|Any CPU
		{7314676E-2B19-4A9E-9BC6-2BB8C3B660B1}.Release|Any CPU.ActiveCfg = Release|Any CPU
		{7314676E-2B19-4A9E-9BC6-2BB8C3B660B1}.Release|Any CPU.Build.0 = Release|Any CPU
		{4BB3DD14-5522-43A7-AF5E-004070012A9C}.Debug|Any CPU.ActiveCfg = Debug|Any CPU
		{4BB3DD14-5522-43A7-AF5E-004070012A9C}.Debug|Any CPU.Build.0 = Debug|Any CPU
		{4BB3DD14-5522-43A7-AF5E-004070012A9C}.Release|Any CPU.ActiveCfg = Release|Any CPU
		{4BB3DD14-5522-43A7-AF5E-004070012A9C}.Release|Any CPU.Build.0 = Release|Any CPU
		{7DD6F62D-E83B-4266-A5E1-9C7F9DEFF9AF}.Debug|Any CPU.ActiveCfg = Debug|Any CPU
		{7DD6F62D-E83B-4266-A5E1-9C7F9DEFF9AF}.Debug|Any CPU.Build.0 = Debug|Any CPU
		{7DD6F62D-E83B-4266-A5E1-9C7F9DEFF9AF}.Release|Any CPU.ActiveCfg = Release|Any CPU
		{7DD6F62D-E83B-4266-A5E1-9C7F9DEFF9AF}.Release|Any CPU.Build.0 = Release|Any CPU
		{32704B25-CD56-4B44-9F02-C33BB8CE3904}.Debug|Any CPU.ActiveCfg = Debug|Any CPU
		{32704B25-CD56-4B44-9F02-C33BB8CE3904}.Debug|Any CPU.Build.0 = Debug|Any CPU
		{32704B25-CD56-4B44-9F02-C33BB8CE3904}.Release|Any CPU.ActiveCfg = Release|Any CPU
		{32704B25-CD56-4B44-9F02-C33BB8CE3904}.Release|Any CPU.Build.0 = Release|Any CPU
		{0074A97E-D23B-4B3E-A92F-024A5079A36A}.Debug|Any CPU.ActiveCfg = Debug|Any CPU
		{0074A97E-D23B-4B3E-A92F-024A5079A36A}.Debug|Any CPU.Build.0 = Debug|Any CPU
		{0074A97E-D23B-4B3E-A92F-024A5079A36A}.Release|Any CPU.ActiveCfg = Release|Any CPU
		{0074A97E-D23B-4B3E-A92F-024A5079A36A}.Release|Any CPU.Build.0 = Release|Any CPU
		{AC7606AA-40AB-4254-BA88-E1E433615C1B}.Debug|Any CPU.ActiveCfg = Debug|Any CPU
		{AC7606AA-40AB-4254-BA88-E1E433615C1B}.Debug|Any CPU.Build.0 = Debug|Any CPU
		{AC7606AA-40AB-4254-BA88-E1E433615C1B}.Release|Any CPU.ActiveCfg = Release|Any CPU
		{AC7606AA-40AB-4254-BA88-E1E433615C1B}.Release|Any CPU.Build.0 = Release|Any CPU
		{9C06702C-23B2-481E-A9A7-39C55A2D3E5E}.Debug|Any CPU.ActiveCfg = Debug|Any CPU
		{9C06702C-23B2-481E-A9A7-39C55A2D3E5E}.Debug|Any CPU.Build.0 = Debug|Any CPU
		{9C06702C-23B2-481E-A9A7-39C55A2D3E5E}.Release|Any CPU.ActiveCfg = Release|Any CPU
		{9C06702C-23B2-481E-A9A7-39C55A2D3E5E}.Release|Any CPU.Build.0 = Release|Any CPU
		{A4890D63-6D9A-436F-8896-B2122B082F1A}.Debug|Any CPU.ActiveCfg = Debug|Any CPU
		{A4890D63-6D9A-436F-8896-B2122B082F1A}.Debug|Any CPU.Build.0 = Debug|Any CPU
		{A4890D63-6D9A-436F-8896-B2122B082F1A}.Release|Any CPU.ActiveCfg = Release|Any CPU
		{A4890D63-6D9A-436F-8896-B2122B082F1A}.Release|Any CPU.Build.0 = Release|Any CPU
		{916523C2-2DFF-4A5C-9AC2-7A2FDD690BE8}.Debug|Any CPU.ActiveCfg = Debug|Any CPU
		{916523C2-2DFF-4A5C-9AC2-7A2FDD690BE8}.Debug|Any CPU.Build.0 = Debug|Any CPU
		{916523C2-2DFF-4A5C-9AC2-7A2FDD690BE8}.Release|Any CPU.ActiveCfg = Release|Any CPU
		{916523C2-2DFF-4A5C-9AC2-7A2FDD690BE8}.Release|Any CPU.Build.0 = Release|Any CPU
		{342B255C-56FE-4BE3-9B7C-C25CE982F122}.Debug|Any CPU.ActiveCfg = Debug|Any CPU
		{342B255C-56FE-4BE3-9B7C-C25CE982F122}.Debug|Any CPU.Build.0 = Debug|Any CPU
		{342B255C-56FE-4BE3-9B7C-C25CE982F122}.Release|Any CPU.ActiveCfg = Release|Any CPU
		{342B255C-56FE-4BE3-9B7C-C25CE982F122}.Release|Any CPU.Build.0 = Release|Any CPU
		{3760BE2C-8939-44C9-90AE-DE877E69C8C1}.Debug|Any CPU.ActiveCfg = Debug|Any CPU
		{3760BE2C-8939-44C9-90AE-DE877E69C8C1}.Debug|Any CPU.Build.0 = Debug|Any CPU
		{3760BE2C-8939-44C9-90AE-DE877E69C8C1}.Release|Any CPU.ActiveCfg = Release|Any CPU
		{3760BE2C-8939-44C9-90AE-DE877E69C8C1}.Release|Any CPU.Build.0 = Release|Any CPU
		{7F6D91B3-B387-46DE-960B-10F07A2F10C9}.Debug|Any CPU.ActiveCfg = Debug|Any CPU
		{7F6D91B3-B387-46DE-960B-10F07A2F10C9}.Debug|Any CPU.Build.0 = Debug|Any CPU
		{7F6D91B3-B387-46DE-960B-10F07A2F10C9}.Release|Any CPU.ActiveCfg = Release|Any CPU
		{7F6D91B3-B387-46DE-960B-10F07A2F10C9}.Release|Any CPU.Build.0 = Release|Any CPU
		{36CAF72C-BEA5-41F3-B70A-6252D3CF4ECF}.Debug|Any CPU.ActiveCfg = Debug|Any CPU
		{36CAF72C-BEA5-41F3-B70A-6252D3CF4ECF}.Debug|Any CPU.Build.0 = Debug|Any CPU
		{36CAF72C-BEA5-41F3-B70A-6252D3CF4ECF}.Release|Any CPU.ActiveCfg = Release|Any CPU
		{36CAF72C-BEA5-41F3-B70A-6252D3CF4ECF}.Release|Any CPU.Build.0 = Release|Any CPU
		{C9EC5912-A6E6-402B-BD79-BDDFB74E140E}.Debug|Any CPU.ActiveCfg = Debug|Any CPU
		{C9EC5912-A6E6-402B-BD79-BDDFB74E140E}.Debug|Any CPU.Build.0 = Debug|Any CPU
		{C9EC5912-A6E6-402B-BD79-BDDFB74E140E}.Release|Any CPU.ActiveCfg = Release|Any CPU
		{C9EC5912-A6E6-402B-BD79-BDDFB74E140E}.Release|Any CPU.Build.0 = Release|Any CPU
		{0326BFD2-7BD5-4A76-9ACE-C08C76905D81}.Debug|Any CPU.ActiveCfg = Debug|Any CPU
		{0326BFD2-7BD5-4A76-9ACE-C08C76905D81}.Debug|Any CPU.Build.0 = Debug|Any CPU
		{0326BFD2-7BD5-4A76-9ACE-C08C76905D81}.Release|Any CPU.ActiveCfg = Release|Any CPU
		{0326BFD2-7BD5-4A76-9ACE-C08C76905D81}.Release|Any CPU.Build.0 = Release|Any CPU
		{EE511F84-1F0D-4226-B62C-BB6147D2B8A4}.Debug|Any CPU.ActiveCfg = Debug|Any CPU
		{EE511F84-1F0D-4226-B62C-BB6147D2B8A4}.Debug|Any CPU.Build.0 = Debug|Any CPU
		{EE511F84-1F0D-4226-B62C-BB6147D2B8A4}.Release|Any CPU.ActiveCfg = Release|Any CPU
		{EE511F84-1F0D-4226-B62C-BB6147D2B8A4}.Release|Any CPU.Build.0 = Release|Any CPU
		{7DD6C6C7-8804-4BB1-A603-1BA4D4A96A04}.Debug|Any CPU.ActiveCfg = Debug|Any CPU
		{7DD6C6C7-8804-4BB1-A603-1BA4D4A96A04}.Debug|Any CPU.Build.0 = Debug|Any CPU
		{7DD6C6C7-8804-4BB1-A603-1BA4D4A96A04}.Release|Any CPU.ActiveCfg = Release|Any CPU
		{7DD6C6C7-8804-4BB1-A603-1BA4D4A96A04}.Release|Any CPU.Build.0 = Release|Any CPU
		{204A65FF-59B0-4B38-8BAB-F44972A5C60D}.Debug|Any CPU.ActiveCfg = Debug|Any CPU
		{204A65FF-59B0-4B38-8BAB-F44972A5C60D}.Debug|Any CPU.Build.0 = Debug|Any CPU
		{204A65FF-59B0-4B38-8BAB-F44972A5C60D}.Release|Any CPU.ActiveCfg = Release|Any CPU
		{204A65FF-59B0-4B38-8BAB-F44972A5C60D}.Release|Any CPU.Build.0 = Release|Any CPU
		{4F5AF3F4-A3FD-44AD-B735-AB8DE24EA2EA}.Debug|Any CPU.ActiveCfg = Debug|Any CPU
		{4F5AF3F4-A3FD-44AD-B735-AB8DE24EA2EA}.Debug|Any CPU.Build.0 = Debug|Any CPU
		{4F5AF3F4-A3FD-44AD-B735-AB8DE24EA2EA}.Release|Any CPU.ActiveCfg = Release|Any CPU
		{4F5AF3F4-A3FD-44AD-B735-AB8DE24EA2EA}.Release|Any CPU.Build.0 = Release|Any CPU
		{2BF931FF-F6F1-45F7-A3F9-7D83B0B56EAE}.Debug|Any CPU.ActiveCfg = Debug|Any CPU
		{2BF931FF-F6F1-45F7-A3F9-7D83B0B56EAE}.Debug|Any CPU.Build.0 = Debug|Any CPU
		{2BF931FF-F6F1-45F7-A3F9-7D83B0B56EAE}.Release|Any CPU.ActiveCfg = Release|Any CPU
		{2BF931FF-F6F1-45F7-A3F9-7D83B0B56EAE}.Release|Any CPU.Build.0 = Release|Any CPU
		{2D2806D9-AF36-4726-B72F-0B7FE506D515}.Debug|Any CPU.ActiveCfg = Debug|Any CPU
		{2D2806D9-AF36-4726-B72F-0B7FE506D515}.Debug|Any CPU.Build.0 = Debug|Any CPU
		{2D2806D9-AF36-4726-B72F-0B7FE506D515}.Release|Any CPU.ActiveCfg = Release|Any CPU
		{2D2806D9-AF36-4726-B72F-0B7FE506D515}.Release|Any CPU.Build.0 = Release|Any CPU
		{00CCCEC4-5DE9-4A87-B0C8-7D1CDD3553A2}.Debug|Any CPU.ActiveCfg = Debug|Any CPU
		{00CCCEC4-5DE9-4A87-B0C8-7D1CDD3553A2}.Debug|Any CPU.Build.0 = Debug|Any CPU
		{00CCCEC4-5DE9-4A87-B0C8-7D1CDD3553A2}.Release|Any CPU.ActiveCfg = Release|Any CPU
		{00CCCEC4-5DE9-4A87-B0C8-7D1CDD3553A2}.Release|Any CPU.Build.0 = Release|Any CPU
		{6AAF431A-6E7B-4FB5-9BE8-11223DD8B87B}.Debug|Any CPU.ActiveCfg = Debug|Any CPU
		{6AAF431A-6E7B-4FB5-9BE8-11223DD8B87B}.Debug|Any CPU.Build.0 = Debug|Any CPU
		{6AAF431A-6E7B-4FB5-9BE8-11223DD8B87B}.Release|Any CPU.ActiveCfg = Release|Any CPU
		{6AAF431A-6E7B-4FB5-9BE8-11223DD8B87B}.Release|Any CPU.Build.0 = Release|Any CPU
		{D2AAA0F4-359F-4C92-A915-AA60CFAF1757}.Debug|Any CPU.ActiveCfg = Debug|Any CPU
		{D2AAA0F4-359F-4C92-A915-AA60CFAF1757}.Debug|Any CPU.Build.0 = Debug|Any CPU
		{D2AAA0F4-359F-4C92-A915-AA60CFAF1757}.Release|Any CPU.ActiveCfg = Release|Any CPU
		{D2AAA0F4-359F-4C92-A915-AA60CFAF1757}.Release|Any CPU.Build.0 = Release|Any CPU
		{906BE7A0-7ACA-4057-990A-BEB3B57A088E}.Debug|Any CPU.ActiveCfg = Debug|Any CPU
		{906BE7A0-7ACA-4057-990A-BEB3B57A088E}.Debug|Any CPU.Build.0 = Debug|Any CPU
		{906BE7A0-7ACA-4057-990A-BEB3B57A088E}.Release|Any CPU.ActiveCfg = Release|Any CPU
		{906BE7A0-7ACA-4057-990A-BEB3B57A088E}.Release|Any CPU.Build.0 = Release|Any CPU
		{548AEE44-0A20-40B7-B408-0FC4A6E3E03F}.Debug|Any CPU.ActiveCfg = Debug|Any CPU
		{548AEE44-0A20-40B7-B408-0FC4A6E3E03F}.Debug|Any CPU.Build.0 = Debug|Any CPU
		{548AEE44-0A20-40B7-B408-0FC4A6E3E03F}.Release|Any CPU.ActiveCfg = Release|Any CPU
		{548AEE44-0A20-40B7-B408-0FC4A6E3E03F}.Release|Any CPU.Build.0 = Release|Any CPU
		{4E1410E5-570F-45F8-9B7F-FAFBC6D57B4C}.Debug|Any CPU.ActiveCfg = Debug|Any CPU
		{4E1410E5-570F-45F8-9B7F-FAFBC6D57B4C}.Debug|Any CPU.Build.0 = Debug|Any CPU
		{4E1410E5-570F-45F8-9B7F-FAFBC6D57B4C}.Release|Any CPU.ActiveCfg = Release|Any CPU
		{4E1410E5-570F-45F8-9B7F-FAFBC6D57B4C}.Release|Any CPU.Build.0 = Release|Any CPU
		{A4041989-EDE8-4968-BE1E-6E487F2F158F}.Debug|Any CPU.ActiveCfg = Debug|Any CPU
		{A4041989-EDE8-4968-BE1E-6E487F2F158F}.Debug|Any CPU.Build.0 = Debug|Any CPU
		{A4041989-EDE8-4968-BE1E-6E487F2F158F}.Release|Any CPU.ActiveCfg = Release|Any CPU
		{A4041989-EDE8-4968-BE1E-6E487F2F158F}.Release|Any CPU.Build.0 = Release|Any CPU
		{B2E1842C-224C-4538-ADD4-BC87C503FDFB}.Debug|Any CPU.ActiveCfg = Debug|Any CPU
		{B2E1842C-224C-4538-ADD4-BC87C503FDFB}.Debug|Any CPU.Build.0 = Debug|Any CPU
		{B2E1842C-224C-4538-ADD4-BC87C503FDFB}.Release|Any CPU.ActiveCfg = Release|Any CPU
		{B2E1842C-224C-4538-ADD4-BC87C503FDFB}.Release|Any CPU.Build.0 = Release|Any CPU
		{3A44A5FA-B689-489F-A590-1B7D622F1B31}.Debug|Any CPU.ActiveCfg = Debug|Any CPU
		{3A44A5FA-B689-489F-A590-1B7D622F1B31}.Debug|Any CPU.Build.0 = Debug|Any CPU
		{3A44A5FA-B689-489F-A590-1B7D622F1B31}.Release|Any CPU.ActiveCfg = Release|Any CPU
		{3A44A5FA-B689-489F-A590-1B7D622F1B31}.Release|Any CPU.Build.0 = Release|Any CPU
		{A5971E96-41C2-47EA-B79F-2F9D6F3BE045}.Debug|Any CPU.ActiveCfg = Debug|Any CPU
		{A5971E96-41C2-47EA-B79F-2F9D6F3BE045}.Debug|Any CPU.Build.0 = Debug|Any CPU
		{A5971E96-41C2-47EA-B79F-2F9D6F3BE045}.Release|Any CPU.ActiveCfg = Release|Any CPU
		{A5971E96-41C2-47EA-B79F-2F9D6F3BE045}.Release|Any CPU.Build.0 = Release|Any CPU
		{F5FEFCCB-11EB-4C7B-B729-DFBF56143645}.Debug|Any CPU.ActiveCfg = Debug|Any CPU
		{F5FEFCCB-11EB-4C7B-B729-DFBF56143645}.Debug|Any CPU.Build.0 = Debug|Any CPU
		{F5FEFCCB-11EB-4C7B-B729-DFBF56143645}.Release|Any CPU.ActiveCfg = Release|Any CPU
		{F5FEFCCB-11EB-4C7B-B729-DFBF56143645}.Release|Any CPU.Build.0 = Release|Any CPU
		{4E48754F-822D-47D3-9773-1843B83CE350}.Debug|Any CPU.ActiveCfg = Debug|Any CPU
		{4E48754F-822D-47D3-9773-1843B83CE350}.Debug|Any CPU.Build.0 = Debug|Any CPU
		{4E48754F-822D-47D3-9773-1843B83CE350}.Release|Any CPU.ActiveCfg = Release|Any CPU
		{4E48754F-822D-47D3-9773-1843B83CE350}.Release|Any CPU.Build.0 = Release|Any CPU
		{A59830DD-2121-41E1-AD0A-8B3BBCB0E5EC}.Debug|Any CPU.ActiveCfg = Debug|Any CPU
		{A59830DD-2121-41E1-AD0A-8B3BBCB0E5EC}.Debug|Any CPU.Build.0 = Debug|Any CPU
		{A59830DD-2121-41E1-AD0A-8B3BBCB0E5EC}.Release|Any CPU.ActiveCfg = Release|Any CPU
		{A59830DD-2121-41E1-AD0A-8B3BBCB0E5EC}.Release|Any CPU.Build.0 = Release|Any CPU
		{A72B0CFC-4443-4887-A0A0-009AF2696188}.Debug|Any CPU.ActiveCfg = Debug|Any CPU
		{A72B0CFC-4443-4887-A0A0-009AF2696188}.Debug|Any CPU.Build.0 = Debug|Any CPU
		{A72B0CFC-4443-4887-A0A0-009AF2696188}.Release|Any CPU.ActiveCfg = Release|Any CPU
		{A72B0CFC-4443-4887-A0A0-009AF2696188}.Release|Any CPU.Build.0 = Release|Any CPU
		{91C50A8A-BC98-40F8-A3FC-8C87C5A1C8A1}.Debug|Any CPU.ActiveCfg = Debug|Any CPU
		{91C50A8A-BC98-40F8-A3FC-8C87C5A1C8A1}.Debug|Any CPU.Build.0 = Debug|Any CPU
		{91C50A8A-BC98-40F8-A3FC-8C87C5A1C8A1}.Release|Any CPU.ActiveCfg = Release|Any CPU
		{91C50A8A-BC98-40F8-A3FC-8C87C5A1C8A1}.Release|Any CPU.Build.0 = Release|Any CPU
		{29E61E8E-76A6-4F34-BD72-6FF654F51DE6}.Debug|Any CPU.ActiveCfg = Debug|Any CPU
		{29E61E8E-76A6-4F34-BD72-6FF654F51DE6}.Debug|Any CPU.Build.0 = Debug|Any CPU
		{29E61E8E-76A6-4F34-BD72-6FF654F51DE6}.Release|Any CPU.ActiveCfg = Release|Any CPU
		{29E61E8E-76A6-4F34-BD72-6FF654F51DE6}.Release|Any CPU.Build.0 = Release|Any CPU
		{B0531235-68B5-405D-A071-090AAFA0482F}.Debug|Any CPU.ActiveCfg = Debug|Any CPU
		{B0531235-68B5-405D-A071-090AAFA0482F}.Debug|Any CPU.Build.0 = Debug|Any CPU
		{B0531235-68B5-405D-A071-090AAFA0482F}.Release|Any CPU.ActiveCfg = Release|Any CPU
		{B0531235-68B5-405D-A071-090AAFA0482F}.Release|Any CPU.Build.0 = Release|Any CPU
		{55D62B65-07B2-497D-A425-C9017CC01BDC}.Debug|Any CPU.ActiveCfg = Debug|Any CPU
		{55D62B65-07B2-497D-A425-C9017CC01BDC}.Debug|Any CPU.Build.0 = Debug|Any CPU
		{55D62B65-07B2-497D-A425-C9017CC01BDC}.Release|Any CPU.ActiveCfg = Release|Any CPU
		{55D62B65-07B2-497D-A425-C9017CC01BDC}.Release|Any CPU.Build.0 = Release|Any CPU
		{7FA78CCA-3CEF-426E-AE66-4C7DD8EE7587}.Debug|Any CPU.ActiveCfg = Debug|Any CPU
		{7FA78CCA-3CEF-426E-AE66-4C7DD8EE7587}.Debug|Any CPU.Build.0 = Debug|Any CPU
		{7FA78CCA-3CEF-426E-AE66-4C7DD8EE7587}.Release|Any CPU.ActiveCfg = Release|Any CPU
		{7FA78CCA-3CEF-426E-AE66-4C7DD8EE7587}.Release|Any CPU.Build.0 = Release|Any CPU
		{B6EBBC23-A6F8-495A-98D9-204CD20167FE}.Debug|Any CPU.ActiveCfg = Debug|Any CPU
		{B6EBBC23-A6F8-495A-98D9-204CD20167FE}.Debug|Any CPU.Build.0 = Debug|Any CPU
		{B6EBBC23-A6F8-495A-98D9-204CD20167FE}.Release|Any CPU.ActiveCfg = Release|Any CPU
		{B6EBBC23-A6F8-495A-98D9-204CD20167FE}.Release|Any CPU.Build.0 = Release|Any CPU
		{A8706B9D-BA16-4AE4-811F-57AC0315A841}.Debug|Any CPU.ActiveCfg = Debug|Any CPU
		{A8706B9D-BA16-4AE4-811F-57AC0315A841}.Debug|Any CPU.Build.0 = Debug|Any CPU
		{A8706B9D-BA16-4AE4-811F-57AC0315A841}.Release|Any CPU.ActiveCfg = Release|Any CPU
		{A8706B9D-BA16-4AE4-811F-57AC0315A841}.Release|Any CPU.Build.0 = Release|Any CPU
		{9FFC6061-B6A7-4E2E-9718-9A2651E225A0}.Debug|Any CPU.ActiveCfg = Debug|Any CPU
		{9FFC6061-B6A7-4E2E-9718-9A2651E225A0}.Debug|Any CPU.Build.0 = Debug|Any CPU
		{9FFC6061-B6A7-4E2E-9718-9A2651E225A0}.Release|Any CPU.ActiveCfg = Release|Any CPU
		{9FFC6061-B6A7-4E2E-9718-9A2651E225A0}.Release|Any CPU.Build.0 = Release|Any CPU
		{C1B6D9F6-818B-4C8E-9E74-665BB9E010E1}.Debug|Any CPU.ActiveCfg = Debug|Any CPU
		{C1B6D9F6-818B-4C8E-9E74-665BB9E010E1}.Debug|Any CPU.Build.0 = Debug|Any CPU
		{C1B6D9F6-818B-4C8E-9E74-665BB9E010E1}.Release|Any CPU.ActiveCfg = Release|Any CPU
		{C1B6D9F6-818B-4C8E-9E74-665BB9E010E1}.Release|Any CPU.Build.0 = Release|Any CPU
		{DE38599F-6F93-4B0D-9FA0-D61E6D4FDC7B}.Debug|Any CPU.ActiveCfg = Debug|Any CPU
		{DE38599F-6F93-4B0D-9FA0-D61E6D4FDC7B}.Debug|Any CPU.Build.0 = Debug|Any CPU
		{DE38599F-6F93-4B0D-9FA0-D61E6D4FDC7B}.Release|Any CPU.ActiveCfg = Release|Any CPU
		{DE38599F-6F93-4B0D-9FA0-D61E6D4FDC7B}.Release|Any CPU.Build.0 = Release|Any CPU
		{AC3AA96D-D65A-455F-8E00-62075F47D402}.Debug|Any CPU.ActiveCfg = Debug|Any CPU
		{AC3AA96D-D65A-455F-8E00-62075F47D402}.Debug|Any CPU.Build.0 = Debug|Any CPU
		{AC3AA96D-D65A-455F-8E00-62075F47D402}.Release|Any CPU.ActiveCfg = Release|Any CPU
		{AC3AA96D-D65A-455F-8E00-62075F47D402}.Release|Any CPU.Build.0 = Release|Any CPU
		{E359B32E-CE38-4C82-8AA0-61859154C90B}.Debug|Any CPU.ActiveCfg = Debug|Any CPU
		{E359B32E-CE38-4C82-8AA0-61859154C90B}.Debug|Any CPU.Build.0 = Debug|Any CPU
		{E359B32E-CE38-4C82-8AA0-61859154C90B}.Release|Any CPU.ActiveCfg = Release|Any CPU
		{E359B32E-CE38-4C82-8AA0-61859154C90B}.Release|Any CPU.Build.0 = Release|Any CPU
		{3E509000-5283-4F06-A197-2124560FF5AA}.Debug|Any CPU.ActiveCfg = Debug|Any CPU
		{3E509000-5283-4F06-A197-2124560FF5AA}.Debug|Any CPU.Build.0 = Debug|Any CPU
		{3E509000-5283-4F06-A197-2124560FF5AA}.Release|Any CPU.ActiveCfg = Release|Any CPU
		{3E509000-5283-4F06-A197-2124560FF5AA}.Release|Any CPU.Build.0 = Release|Any CPU
		{E60C8120-63A3-4F3F-8106-B1F30139CBA6}.Debug|Any CPU.ActiveCfg = Debug|Any CPU
		{E60C8120-63A3-4F3F-8106-B1F30139CBA6}.Debug|Any CPU.Build.0 = Debug|Any CPU
		{E60C8120-63A3-4F3F-8106-B1F30139CBA6}.Release|Any CPU.ActiveCfg = Release|Any CPU
		{E60C8120-63A3-4F3F-8106-B1F30139CBA6}.Release|Any CPU.Build.0 = Release|Any CPU
		{5D3BF49E-987B-4BD9-8C82-45AA3C5875D8}.Debug|Any CPU.ActiveCfg = Debug|Any CPU
		{5D3BF49E-987B-4BD9-8C82-45AA3C5875D8}.Debug|Any CPU.Build.0 = Debug|Any CPU
		{5D3BF49E-987B-4BD9-8C82-45AA3C5875D8}.Release|Any CPU.ActiveCfg = Release|Any CPU
		{5D3BF49E-987B-4BD9-8C82-45AA3C5875D8}.Release|Any CPU.Build.0 = Release|Any CPU
		{5790C00C-CE26-4F4E-BD7C-1B2580C51E5D}.Debug|Any CPU.ActiveCfg = Debug|Any CPU
		{5790C00C-CE26-4F4E-BD7C-1B2580C51E5D}.Debug|Any CPU.Build.0 = Debug|Any CPU
		{5790C00C-CE26-4F4E-BD7C-1B2580C51E5D}.Release|Any CPU.ActiveCfg = Release|Any CPU
		{5790C00C-CE26-4F4E-BD7C-1B2580C51E5D}.Release|Any CPU.Build.0 = Release|Any CPU
		{5FCC3A4D-FB1F-40C8-BFBD-C7126F2AA042}.Debug|Any CPU.ActiveCfg = Debug|Any CPU
		{5FCC3A4D-FB1F-40C8-BFBD-C7126F2AA042}.Debug|Any CPU.Build.0 = Debug|Any CPU
		{5FCC3A4D-FB1F-40C8-BFBD-C7126F2AA042}.Release|Any CPU.ActiveCfg = Release|Any CPU
		{5FCC3A4D-FB1F-40C8-BFBD-C7126F2AA042}.Release|Any CPU.Build.0 = Release|Any CPU
		{BA8D86C4-C2B7-4BED-A6E8-EA081DA9EFA6}.Debug|Any CPU.ActiveCfg = Debug|Any CPU
		{BA8D86C4-C2B7-4BED-A6E8-EA081DA9EFA6}.Debug|Any CPU.Build.0 = Debug|Any CPU
		{BA8D86C4-C2B7-4BED-A6E8-EA081DA9EFA6}.Release|Any CPU.ActiveCfg = Release|Any CPU
		{BA8D86C4-C2B7-4BED-A6E8-EA081DA9EFA6}.Release|Any CPU.Build.0 = Release|Any CPU
		{B08FE121-CF7B-4FA4-AF9F-311E8EE95E42}.Debug|Any CPU.ActiveCfg = Debug|Any CPU
		{B08FE121-CF7B-4FA4-AF9F-311E8EE95E42}.Debug|Any CPU.Build.0 = Debug|Any CPU
		{B08FE121-CF7B-4FA4-AF9F-311E8EE95E42}.Release|Any CPU.ActiveCfg = Release|Any CPU
		{B08FE121-CF7B-4FA4-AF9F-311E8EE95E42}.Release|Any CPU.Build.0 = Release|Any CPU
		{2833446E-2BEC-40A3-9D4B-FDC2DE8BFF60}.Debug|Any CPU.ActiveCfg = Debug|Any CPU
		{2833446E-2BEC-40A3-9D4B-FDC2DE8BFF60}.Debug|Any CPU.Build.0 = Debug|Any CPU
		{2833446E-2BEC-40A3-9D4B-FDC2DE8BFF60}.Release|Any CPU.ActiveCfg = Release|Any CPU
		{2833446E-2BEC-40A3-9D4B-FDC2DE8BFF60}.Release|Any CPU.Build.0 = Release|Any CPU
		{92B3DE6A-4E4A-4628-A07C-B05A3384A1E6}.Debug|Any CPU.ActiveCfg = Debug|Any CPU
		{92B3DE6A-4E4A-4628-A07C-B05A3384A1E6}.Debug|Any CPU.Build.0 = Debug|Any CPU
		{92B3DE6A-4E4A-4628-A07C-B05A3384A1E6}.Release|Any CPU.ActiveCfg = Release|Any CPU
		{92B3DE6A-4E4A-4628-A07C-B05A3384A1E6}.Release|Any CPU.Build.0 = Release|Any CPU
		{83C55E5B-D2DD-48DE-86E2-1C55CF6030E2}.Debug|Any CPU.ActiveCfg = Debug|Any CPU
		{83C55E5B-D2DD-48DE-86E2-1C55CF6030E2}.Debug|Any CPU.Build.0 = Debug|Any CPU
		{83C55E5B-D2DD-48DE-86E2-1C55CF6030E2}.Release|Any CPU.ActiveCfg = Release|Any CPU
		{83C55E5B-D2DD-48DE-86E2-1C55CF6030E2}.Release|Any CPU.Build.0 = Release|Any CPU
		{5768E30C-D6BB-4A8A-B90B-7DE5E3D4B20D}.Debug|Any CPU.ActiveCfg = Debug|Any CPU
		{5768E30C-D6BB-4A8A-B90B-7DE5E3D4B20D}.Debug|Any CPU.Build.0 = Debug|Any CPU
		{5768E30C-D6BB-4A8A-B90B-7DE5E3D4B20D}.Release|Any CPU.ActiveCfg = Release|Any CPU
		{5768E30C-D6BB-4A8A-B90B-7DE5E3D4B20D}.Release|Any CPU.Build.0 = Release|Any CPU
		{C0E9E749-6F34-4876-AD36-1F78755973BB}.Debug|Any CPU.ActiveCfg = Debug|Any CPU
		{C0E9E749-6F34-4876-AD36-1F78755973BB}.Debug|Any CPU.Build.0 = Debug|Any CPU
		{C0E9E749-6F34-4876-AD36-1F78755973BB}.Release|Any CPU.ActiveCfg = Release|Any CPU
		{C0E9E749-6F34-4876-AD36-1F78755973BB}.Release|Any CPU.Build.0 = Release|Any CPU
		{8841D513-E4CB-4504-86F8-D12A103F8F89}.Debug|Any CPU.ActiveCfg = Debug|Any CPU
		{8841D513-E4CB-4504-86F8-D12A103F8F89}.Debug|Any CPU.Build.0 = Debug|Any CPU
		{8841D513-E4CB-4504-86F8-D12A103F8F89}.Release|Any CPU.ActiveCfg = Release|Any CPU
		{8841D513-E4CB-4504-86F8-D12A103F8F89}.Release|Any CPU.Build.0 = Release|Any CPU
		{C81C0DF4-5E7D-4452-A599-BCF5EDE12BDB}.Debug|Any CPU.ActiveCfg = Debug|Any CPU
		{C81C0DF4-5E7D-4452-A599-BCF5EDE12BDB}.Debug|Any CPU.Build.0 = Debug|Any CPU
		{C81C0DF4-5E7D-4452-A599-BCF5EDE12BDB}.Release|Any CPU.ActiveCfg = Release|Any CPU
		{C81C0DF4-5E7D-4452-A599-BCF5EDE12BDB}.Release|Any CPU.Build.0 = Release|Any CPU
		{774684EF-7DA3-4F04-99A1-E9585539E910}.Debug|Any CPU.ActiveCfg = Debug|Any CPU
		{774684EF-7DA3-4F04-99A1-E9585539E910}.Debug|Any CPU.Build.0 = Debug|Any CPU
		{774684EF-7DA3-4F04-99A1-E9585539E910}.Release|Any CPU.ActiveCfg = Release|Any CPU
		{774684EF-7DA3-4F04-99A1-E9585539E910}.Release|Any CPU.Build.0 = Release|Any CPU
		{58B1A894-7A69-4D75-AB9B-AD193CE28BC0}.Debug|Any CPU.ActiveCfg = Debug|Any CPU
		{58B1A894-7A69-4D75-AB9B-AD193CE28BC0}.Debug|Any CPU.Build.0 = Debug|Any CPU
		{58B1A894-7A69-4D75-AB9B-AD193CE28BC0}.Release|Any CPU.ActiveCfg = Release|Any CPU
		{58B1A894-7A69-4D75-AB9B-AD193CE28BC0}.Release|Any CPU.Build.0 = Release|Any CPU
		{F5507419-AB35-4623-B890-4399768E06C3}.Debug|Any CPU.ActiveCfg = Debug|Any CPU
		{F5507419-AB35-4623-B890-4399768E06C3}.Debug|Any CPU.Build.0 = Debug|Any CPU
		{F5507419-AB35-4623-B890-4399768E06C3}.Release|Any CPU.ActiveCfg = Release|Any CPU
		{F5507419-AB35-4623-B890-4399768E06C3}.Release|Any CPU.Build.0 = Release|Any CPU
		{8309EA55-55D8-4881-A78D-BD8F11C9CE7F}.Debug|Any CPU.ActiveCfg = Debug|Any CPU
		{8309EA55-55D8-4881-A78D-BD8F11C9CE7F}.Debug|Any CPU.Build.0 = Debug|Any CPU
		{8309EA55-55D8-4881-A78D-BD8F11C9CE7F}.Release|Any CPU.ActiveCfg = Release|Any CPU
		{8309EA55-55D8-4881-A78D-BD8F11C9CE7F}.Release|Any CPU.Build.0 = Release|Any CPU
		{AA0B3120-E6DB-44F4-A4CF-2E1A8D40537E}.Debug|Any CPU.ActiveCfg = Debug|Any CPU
		{AA0B3120-E6DB-44F4-A4CF-2E1A8D40537E}.Debug|Any CPU.Build.0 = Debug|Any CPU
		{AA0B3120-E6DB-44F4-A4CF-2E1A8D40537E}.Release|Any CPU.ActiveCfg = Release|Any CPU
		{AA0B3120-E6DB-44F4-A4CF-2E1A8D40537E}.Release|Any CPU.Build.0 = Release|Any CPU
		{7C958201-A276-4A39-AF0F-1340170A1EFB}.Debug|Any CPU.ActiveCfg = Debug|Any CPU
		{7C958201-A276-4A39-AF0F-1340170A1EFB}.Debug|Any CPU.Build.0 = Debug|Any CPU
		{7C958201-A276-4A39-AF0F-1340170A1EFB}.Release|Any CPU.ActiveCfg = Release|Any CPU
		{7C958201-A276-4A39-AF0F-1340170A1EFB}.Release|Any CPU.Build.0 = Release|Any CPU
		{F98EBD0D-B4B0-454B-87DC-7EF2EB49ED0E}.Debug|Any CPU.ActiveCfg = Debug|Any CPU
		{F98EBD0D-B4B0-454B-87DC-7EF2EB49ED0E}.Debug|Any CPU.Build.0 = Debug|Any CPU
		{F98EBD0D-B4B0-454B-87DC-7EF2EB49ED0E}.Release|Any CPU.ActiveCfg = Release|Any CPU
		{F98EBD0D-B4B0-454B-87DC-7EF2EB49ED0E}.Release|Any CPU.Build.0 = Release|Any CPU
		{C7FF7327-F114-4AB9-85C7-377E992976C7}.Debug|Any CPU.ActiveCfg = Debug|Any CPU
		{C7FF7327-F114-4AB9-85C7-377E992976C7}.Debug|Any CPU.Build.0 = Debug|Any CPU
		{C7FF7327-F114-4AB9-85C7-377E992976C7}.Release|Any CPU.ActiveCfg = Release|Any CPU
		{C7FF7327-F114-4AB9-85C7-377E992976C7}.Release|Any CPU.Build.0 = Release|Any CPU
		{D9574F6F-E582-49B3-8507-BF3F57F72E8F}.Debug|Any CPU.ActiveCfg = Debug|Any CPU
		{D9574F6F-E582-49B3-8507-BF3F57F72E8F}.Debug|Any CPU.Build.0 = Debug|Any CPU
		{D9574F6F-E582-49B3-8507-BF3F57F72E8F}.Release|Any CPU.ActiveCfg = Release|Any CPU
		{D9574F6F-E582-49B3-8507-BF3F57F72E8F}.Release|Any CPU.Build.0 = Release|Any CPU
		{B8FE58DE-BE5C-42F8-87BC-567F5E72409E}.Debug|Any CPU.ActiveCfg = Debug|Any CPU
		{B8FE58DE-BE5C-42F8-87BC-567F5E72409E}.Debug|Any CPU.Build.0 = Debug|Any CPU
		{B8FE58DE-BE5C-42F8-87BC-567F5E72409E}.Release|Any CPU.ActiveCfg = Release|Any CPU
		{B8FE58DE-BE5C-42F8-87BC-567F5E72409E}.Release|Any CPU.Build.0 = Release|Any CPU
		{3F0B5661-DAFB-43DE-AEC3-80210FAB7F68}.Debug|Any CPU.ActiveCfg = Debug|Any CPU
		{3F0B5661-DAFB-43DE-AEC3-80210FAB7F68}.Debug|Any CPU.Build.0 = Debug|Any CPU
		{3F0B5661-DAFB-43DE-AEC3-80210FAB7F68}.Release|Any CPU.ActiveCfg = Release|Any CPU
		{3F0B5661-DAFB-43DE-AEC3-80210FAB7F68}.Release|Any CPU.Build.0 = Release|Any CPU
		{059CB19A-CDFE-4AF6-8A3D-1055ACDD641E}.Debug|Any CPU.ActiveCfg = Debug|Any CPU
		{059CB19A-CDFE-4AF6-8A3D-1055ACDD641E}.Debug|Any CPU.Build.0 = Debug|Any CPU
		{059CB19A-CDFE-4AF6-8A3D-1055ACDD641E}.Release|Any CPU.ActiveCfg = Release|Any CPU
		{059CB19A-CDFE-4AF6-8A3D-1055ACDD641E}.Release|Any CPU.Build.0 = Release|Any CPU
		{C9760356-FA0F-4FDF-B911-096B72A345C9}.Debug|Any CPU.ActiveCfg = Debug|Any CPU
		{C9760356-FA0F-4FDF-B911-096B72A345C9}.Debug|Any CPU.Build.0 = Debug|Any CPU
		{C9760356-FA0F-4FDF-B911-096B72A345C9}.Release|Any CPU.ActiveCfg = Release|Any CPU
		{C9760356-FA0F-4FDF-B911-096B72A345C9}.Release|Any CPU.Build.0 = Release|Any CPU
		{AA04571F-3792-4F3A-93EE-787964A8E965}.Debug|Any CPU.ActiveCfg = Debug|Any CPU
		{AA04571F-3792-4F3A-93EE-787964A8E965}.Debug|Any CPU.Build.0 = Debug|Any CPU
		{AA04571F-3792-4F3A-93EE-787964A8E965}.Release|Any CPU.ActiveCfg = Release|Any CPU
		{AA04571F-3792-4F3A-93EE-787964A8E965}.Release|Any CPU.Build.0 = Release|Any CPU
		{9DF5C208-82A5-49AE-9C43-049CC964979D}.Debug|Any CPU.ActiveCfg = Debug|Any CPU
		{9DF5C208-82A5-49AE-9C43-049CC964979D}.Debug|Any CPU.Build.0 = Debug|Any CPU
		{9DF5C208-82A5-49AE-9C43-049CC964979D}.Release|Any CPU.ActiveCfg = Release|Any CPU
		{9DF5C208-82A5-49AE-9C43-049CC964979D}.Release|Any CPU.Build.0 = Release|Any CPU
		{09E52B1C-930F-4DF1-B2EA-44B20FEE8812}.Debug|Any CPU.ActiveCfg = Debug|Any CPU
		{09E52B1C-930F-4DF1-B2EA-44B20FEE8812}.Debug|Any CPU.Build.0 = Debug|Any CPU
		{09E52B1C-930F-4DF1-B2EA-44B20FEE8812}.Release|Any CPU.ActiveCfg = Release|Any CPU
		{09E52B1C-930F-4DF1-B2EA-44B20FEE8812}.Release|Any CPU.Build.0 = Release|Any CPU
		{E4FE0AB8-DFEC-49EE-A7B6-E365F6E4997D}.Debug|Any CPU.ActiveCfg = Debug|Any CPU
		{E4FE0AB8-DFEC-49EE-A7B6-E365F6E4997D}.Debug|Any CPU.Build.0 = Debug|Any CPU
		{E4FE0AB8-DFEC-49EE-A7B6-E365F6E4997D}.Release|Any CPU.ActiveCfg = Release|Any CPU
		{E4FE0AB8-DFEC-49EE-A7B6-E365F6E4997D}.Release|Any CPU.Build.0 = Release|Any CPU
		{599466CC-1996-410A-B95A-026E1674D680}.Debug|Any CPU.ActiveCfg = Debug|Any CPU
		{599466CC-1996-410A-B95A-026E1674D680}.Debug|Any CPU.Build.0 = Debug|Any CPU
		{599466CC-1996-410A-B95A-026E1674D680}.Release|Any CPU.ActiveCfg = Release|Any CPU
		{599466CC-1996-410A-B95A-026E1674D680}.Release|Any CPU.Build.0 = Release|Any CPU
		{563429EA-18C9-4741-AA57-49FA717AA6B8}.Debug|Any CPU.ActiveCfg = Debug|Any CPU
		{563429EA-18C9-4741-AA57-49FA717AA6B8}.Debug|Any CPU.Build.0 = Debug|Any CPU
		{563429EA-18C9-4741-AA57-49FA717AA6B8}.Release|Any CPU.ActiveCfg = Release|Any CPU
		{563429EA-18C9-4741-AA57-49FA717AA6B8}.Release|Any CPU.Build.0 = Release|Any CPU
	EndGlobalSection
	GlobalSection(SolutionProperties) = preSolution
		HideSolutionNode = FALSE
	EndGlobalSection
	GlobalSection(NestedProjects) = preSolution
		{EE530B62-81B4-4D5D-963E-38AAC29D73E5} = {BBF91E32-1706-41A9-9A7F-74A9CF8AF92B}
		{D17EC6DB-D072-42C4-8534-5C75D1A96CB7} = {BBF91E32-1706-41A9-9A7F-74A9CF8AF92B}
		{2ACF500F-D100-45EE-BCE1-A716B42D9FF9} = {BBF91E32-1706-41A9-9A7F-74A9CF8AF92B}
		{9242B1C9-6852-426C-8813-993CFDF64B77} = {BBF91E32-1706-41A9-9A7F-74A9CF8AF92B}
		{2F38B158-DEE1-4FB3-B050-CFC531F4251E} = {77FF1C0E-6F29-4890-B548-6E011FB090B8}
		{8B550C1D-2B3F-4D56-A656-E3C6E2F18864} = {77FF1C0E-6F29-4890-B548-6E011FB090B8}
		{61BB298D-930B-4BE2-A70C-B5CCF73F4383} = {77FF1C0E-6F29-4890-B548-6E011FB090B8}
		{9B8997A6-C24D-4821-B674-D947EB4EEFF7} = {77FF1C0E-6F29-4890-B548-6E011FB090B8}
		{064FC484-B5E3-413A-82AF-E1F8C7A6EDA2} = {77FF1C0E-6F29-4890-B548-6E011FB090B8}
		{C45AC45B-9BDC-4FB3-AB6A-326B7CD59B12} = {77FF1C0E-6F29-4890-B548-6E011FB090B8}
		{AEB2CF22-D5A0-445F-9C48-AE8B4293D774} = {77FF1C0E-6F29-4890-B548-6E011FB090B8}
		{18D50F3E-E4A1-485A-8274-AACDA6B2B9D6} = {77FF1C0E-6F29-4890-B548-6E011FB090B8}
		{0BB3254E-A5C0-4952-8DC6-3E67C16D35DF} = {77FF1C0E-6F29-4890-B548-6E011FB090B8}
		{6F0FE07B-F89C-48E3-885D-F53E2073C91A} = {77FF1C0E-6F29-4890-B548-6E011FB090B8}
		{1CFACC5E-AA1C-4DF2-8F60-2DF4BF0D9F1A} = {7354350D-27E1-46CC-B23C-640A214C69B7}
		{2B21C0A9-0E87-40F5-9A27-5607F3FB5988} = {7354350D-27E1-46CC-B23C-640A214C69B7}
		{4F3D93A6-D6FB-406B-A299-16E1F359EC6A} = {7354350D-27E1-46CC-B23C-640A214C69B7}
		{6479F957-AB96-47A0-9FB6-3019EFC4168B} = {7354350D-27E1-46CC-B23C-640A214C69B7}
		{E60815F9-E446-47E8-9F82-90AE80657A5A} = {7354350D-27E1-46CC-B23C-640A214C69B7}
		{E2777A1F-D98C-46EE-9031-9A68D4867F1C} = {7354350D-27E1-46CC-B23C-640A214C69B7}
		{5D7130F6-B970-4AC0-90D3-38407E66EB64} = {7354350D-27E1-46CC-B23C-640A214C69B7}
		{8DC28261-DD03-4440-87D3-298EE17EE01D} = {7354350D-27E1-46CC-B23C-640A214C69B7}
		{CE89CDCA-FCE8-409A-B577-09368948C45B} = {7354350D-27E1-46CC-B23C-640A214C69B7}
		{52711874-0969-4283-99C9-24D6FD4DD627} = {77FF1C0E-6F29-4890-B548-6E011FB090B8}
		{04427F6E-F703-4A73-A894-FE6644FCD408} = {77FF1C0E-6F29-4890-B548-6E011FB090B8}
		{DAC3C240-BF75-48E6-8CC0-55421C1141EA} = {7354350D-27E1-46CC-B23C-640A214C69B7}
		{3F567963-9D17-4DAB-882B-DF20822D725E} = {77FF1C0E-6F29-4890-B548-6E011FB090B8}
		{70EADAC4-5EE2-4EB3-BC65-1BA736E7053F} = {7354350D-27E1-46CC-B23C-640A214C69B7}
		{662702C5-87DC-44A0-BEAD-A5FD8A6B082F} = {7354350D-27E1-46CC-B23C-640A214C69B7}
		{1EFBD482-DD9A-4C98-9A32-2819D6029080} = {7354350D-27E1-46CC-B23C-640A214C69B7}
		{749BDCF6-21B1-4D4C-9779-76808F33348A} = {7354350D-27E1-46CC-B23C-640A214C69B7}
		{88E1572C-6C98-4ADA-97E9-93D769C2C643} = {7354350D-27E1-46CC-B23C-640A214C69B7}
		{7314676E-2B19-4A9E-9BC6-2BB8C3B660B1} = {77FF1C0E-6F29-4890-B548-6E011FB090B8}
		{4BB3DD14-5522-43A7-AF5E-004070012A9C} = {77FF1C0E-6F29-4890-B548-6E011FB090B8}
		{7DD6F62D-E83B-4266-A5E1-9C7F9DEFF9AF} = {BBF91E32-1706-41A9-9A7F-74A9CF8AF92B}
		{32704B25-CD56-4B44-9F02-C33BB8CE3904} = {BBF91E32-1706-41A9-9A7F-74A9CF8AF92B}
		{0074A97E-D23B-4B3E-A92F-024A5079A36A} = {BBF91E32-1706-41A9-9A7F-74A9CF8AF92B}
		{AC7606AA-40AB-4254-BA88-E1E433615C1B} = {BBF91E32-1706-41A9-9A7F-74A9CF8AF92B}
		{9C06702C-23B2-481E-A9A7-39C55A2D3E5E} = {45F346C1-38D6-4791-ABBD-DF5D5EA5C463}
		{A4890D63-6D9A-436F-8896-B2122B082F1A} = {45F346C1-38D6-4791-ABBD-DF5D5EA5C463}
		{916523C2-2DFF-4A5C-9AC2-7A2FDD690BE8} = {45F346C1-38D6-4791-ABBD-DF5D5EA5C463}
		{342B255C-56FE-4BE3-9B7C-C25CE982F122} = {45F346C1-38D6-4791-ABBD-DF5D5EA5C463}
		{3760BE2C-8939-44C9-90AE-DE877E69C8C1} = {45F346C1-38D6-4791-ABBD-DF5D5EA5C463}
		{7F6D91B3-B387-46DE-960B-10F07A2F10C9} = {45F346C1-38D6-4791-ABBD-DF5D5EA5C463}
		{36CAF72C-BEA5-41F3-B70A-6252D3CF4ECF} = {45F346C1-38D6-4791-ABBD-DF5D5EA5C463}
		{C9EC5912-A6E6-402B-BD79-BDDFB74E140E} = {45F346C1-38D6-4791-ABBD-DF5D5EA5C463}
		{0326BFD2-7BD5-4A76-9ACE-C08C76905D81} = {45F346C1-38D6-4791-ABBD-DF5D5EA5C463}
		{EE511F84-1F0D-4226-B62C-BB6147D2B8A4} = {45F346C1-38D6-4791-ABBD-DF5D5EA5C463}
		{7DD6C6C7-8804-4BB1-A603-1BA4D4A96A04} = {45F346C1-38D6-4791-ABBD-DF5D5EA5C463}
		{204A65FF-59B0-4B38-8BAB-F44972A5C60D} = {45F346C1-38D6-4791-ABBD-DF5D5EA5C463}
		{4F5AF3F4-A3FD-44AD-B735-AB8DE24EA2EA} = {45F346C1-38D6-4791-ABBD-DF5D5EA5C463}
		{2BF931FF-F6F1-45F7-A3F9-7D83B0B56EAE} = {45F346C1-38D6-4791-ABBD-DF5D5EA5C463}
		{2D2806D9-AF36-4726-B72F-0B7FE506D515} = {45F346C1-38D6-4791-ABBD-DF5D5EA5C463}
		{00CCCEC4-5DE9-4A87-B0C8-7D1CDD3553A2} = {45F346C1-38D6-4791-ABBD-DF5D5EA5C463}
		{6AAF431A-6E7B-4FB5-9BE8-11223DD8B87B} = {45F346C1-38D6-4791-ABBD-DF5D5EA5C463}
		{D2AAA0F4-359F-4C92-A915-AA60CFAF1757} = {45F346C1-38D6-4791-ABBD-DF5D5EA5C463}
		{906BE7A0-7ACA-4057-990A-BEB3B57A088E} = {45F346C1-38D6-4791-ABBD-DF5D5EA5C463}
		{548AEE44-0A20-40B7-B408-0FC4A6E3E03F} = {45F346C1-38D6-4791-ABBD-DF5D5EA5C463}
		{4E1410E5-570F-45F8-9B7F-FAFBC6D57B4C} = {45F346C1-38D6-4791-ABBD-DF5D5EA5C463}
		{A4041989-EDE8-4968-BE1E-6E487F2F158F} = {45F346C1-38D6-4791-ABBD-DF5D5EA5C463}
		{B2E1842C-224C-4538-ADD4-BC87C503FDFB} = {45F346C1-38D6-4791-ABBD-DF5D5EA5C463}
		{3A44A5FA-B689-489F-A590-1B7D622F1B31} = {45F346C1-38D6-4791-ABBD-DF5D5EA5C463}
		{A5971E96-41C2-47EA-B79F-2F9D6F3BE045} = {E6108BD8-0C19-47F0-980A-30FE82C38D88}
		{F5FEFCCB-11EB-4C7B-B729-DFBF56143645} = {E6108BD8-0C19-47F0-980A-30FE82C38D88}
		{4E48754F-822D-47D3-9773-1843B83CE350} = {E6108BD8-0C19-47F0-980A-30FE82C38D88}
		{A59830DD-2121-41E1-AD0A-8B3BBCB0E5EC} = {E6108BD8-0C19-47F0-980A-30FE82C38D88}
		{A72B0CFC-4443-4887-A0A0-009AF2696188} = {E6108BD8-0C19-47F0-980A-30FE82C38D88}
		{91C50A8A-BC98-40F8-A3FC-8C87C5A1C8A1} = {E6108BD8-0C19-47F0-980A-30FE82C38D88}
		{29E61E8E-76A6-4F34-BD72-6FF654F51DE6} = {E6108BD8-0C19-47F0-980A-30FE82C38D88}
		{B0531235-68B5-405D-A071-090AAFA0482F} = {E6108BD8-0C19-47F0-980A-30FE82C38D88}
		{55D62B65-07B2-497D-A425-C9017CC01BDC} = {E6108BD8-0C19-47F0-980A-30FE82C38D88}
		{7FA78CCA-3CEF-426E-AE66-4C7DD8EE7587} = {E6108BD8-0C19-47F0-980A-30FE82C38D88}
		{B6EBBC23-A6F8-495A-98D9-204CD20167FE} = {E6108BD8-0C19-47F0-980A-30FE82C38D88}
		{A8706B9D-BA16-4AE4-811F-57AC0315A841} = {E6108BD8-0C19-47F0-980A-30FE82C38D88}
		{9FFC6061-B6A7-4E2E-9718-9A2651E225A0} = {E6108BD8-0C19-47F0-980A-30FE82C38D88}
		{C1B6D9F6-818B-4C8E-9E74-665BB9E010E1} = {E6108BD8-0C19-47F0-980A-30FE82C38D88}
		{DE38599F-6F93-4B0D-9FA0-D61E6D4FDC7B} = {E6108BD8-0C19-47F0-980A-30FE82C38D88}
		{AC3AA96D-D65A-455F-8E00-62075F47D402} = {E6108BD8-0C19-47F0-980A-30FE82C38D88}
		{E359B32E-CE38-4C82-8AA0-61859154C90B} = {E6108BD8-0C19-47F0-980A-30FE82C38D88}
		{3E509000-5283-4F06-A197-2124560FF5AA} = {E6108BD8-0C19-47F0-980A-30FE82C38D88}
		{E60C8120-63A3-4F3F-8106-B1F30139CBA6} = {E6108BD8-0C19-47F0-980A-30FE82C38D88}
		{5D3BF49E-987B-4BD9-8C82-45AA3C5875D8} = {E6108BD8-0C19-47F0-980A-30FE82C38D88}
		{5790C00C-CE26-4F4E-BD7C-1B2580C51E5D} = {E6108BD8-0C19-47F0-980A-30FE82C38D88}
		{5FCC3A4D-FB1F-40C8-BFBD-C7126F2AA042} = {E6108BD8-0C19-47F0-980A-30FE82C38D88}
		{BA8D86C4-C2B7-4BED-A6E8-EA081DA9EFA6} = {E6108BD8-0C19-47F0-980A-30FE82C38D88}
		{B08FE121-CF7B-4FA4-AF9F-311E8EE95E42} = {E6108BD8-0C19-47F0-980A-30FE82C38D88}
		{2833446E-2BEC-40A3-9D4B-FDC2DE8BFF60} = {E6108BD8-0C19-47F0-980A-30FE82C38D88}
		{92B3DE6A-4E4A-4628-A07C-B05A3384A1E6} = {2077AF7D-B793-4268-B94B-31032031E548}
		{83C55E5B-D2DD-48DE-86E2-1C55CF6030E2} = {2077AF7D-B793-4268-B94B-31032031E548}
		{5768E30C-D6BB-4A8A-B90B-7DE5E3D4B20D} = {2077AF7D-B793-4268-B94B-31032031E548}
		{C0E9E749-6F34-4876-AD36-1F78755973BB} = {2077AF7D-B793-4268-B94B-31032031E548}
		{8841D513-E4CB-4504-86F8-D12A103F8F89} = {2077AF7D-B793-4268-B94B-31032031E548}
		{C81C0DF4-5E7D-4452-A599-BCF5EDE12BDB} = {2077AF7D-B793-4268-B94B-31032031E548}
		{774684EF-7DA3-4F04-99A1-E9585539E910} = {2077AF7D-B793-4268-B94B-31032031E548}
		{58B1A894-7A69-4D75-AB9B-AD193CE28BC0} = {2077AF7D-B793-4268-B94B-31032031E548}
		{F5507419-AB35-4623-B890-4399768E06C3} = {2077AF7D-B793-4268-B94B-31032031E548}
		{8309EA55-55D8-4881-A78D-BD8F11C9CE7F} = {2077AF7D-B793-4268-B94B-31032031E548}
		{AA0B3120-E6DB-44F4-A4CF-2E1A8D40537E} = {2077AF7D-B793-4268-B94B-31032031E548}
		{7C958201-A276-4A39-AF0F-1340170A1EFB} = {2077AF7D-B793-4268-B94B-31032031E548}
		{F98EBD0D-B4B0-454B-87DC-7EF2EB49ED0E} = {2077AF7D-B793-4268-B94B-31032031E548}
		{C7FF7327-F114-4AB9-85C7-377E992976C7} = {2077AF7D-B793-4268-B94B-31032031E548}
		{D9574F6F-E582-49B3-8507-BF3F57F72E8F} = {2077AF7D-B793-4268-B94B-31032031E548}
		{B8FE58DE-BE5C-42F8-87BC-567F5E72409E} = {2077AF7D-B793-4268-B94B-31032031E548}
		{3F0B5661-DAFB-43DE-AEC3-80210FAB7F68} = {2077AF7D-B793-4268-B94B-31032031E548}
		{059CB19A-CDFE-4AF6-8A3D-1055ACDD641E} = {2077AF7D-B793-4268-B94B-31032031E548}
		{C9760356-FA0F-4FDF-B911-096B72A345C9} = {2077AF7D-B793-4268-B94B-31032031E548}
		{AA04571F-3792-4F3A-93EE-787964A8E965} = {2077AF7D-B793-4268-B94B-31032031E548}
		{9DF5C208-82A5-49AE-9C43-049CC964979D} = {2077AF7D-B793-4268-B94B-31032031E548}
		{09E52B1C-930F-4DF1-B2EA-44B20FEE8812} = {2077AF7D-B793-4268-B94B-31032031E548}
		{E4FE0AB8-DFEC-49EE-A7B6-E365F6E4997D} = {2077AF7D-B793-4268-B94B-31032031E548}
		{599466CC-1996-410A-B95A-026E1674D680} = {2077AF7D-B793-4268-B94B-31032031E548}
		{563429EA-18C9-4741-AA57-49FA717AA6B8} = {2077AF7D-B793-4268-B94B-31032031E548}
	EndGlobalSection
	GlobalSection(ExtensibilityGlobals) = postSolution
		SolutionGuid = {454FDA6A-8130-4B54-A79C-CA44A389B0C0}
	EndGlobalSection
	GlobalSection(MonoDevelopProperties) = preSolution
		Policies = $0
		$0.DotNetNamingPolicy = $1
		$1.DirectoryNamespaceAssociation = PrefixedHierarchical
		$0.TextStylePolicy = $2
		$2.FileWidth = 80
		$2.TabsToSpaces = True
		$2.scope = text/x-csharp
		$2.NoTabsAfterNonTabs = True
		$0.CSharpFormattingPolicy = $3
		$3.scope = text/x-csharp
	EndGlobalSection
EndGlobal
